// !$*UTF8*$!
{
	archiveVersion = 1;
	classes = {
	};
	objectVersion = 50;
	objects = {

/* Begin PBXBuildFile section */
		6A04C95122AA35ED00DFA630 /* AppDelegate.swift in Sources */ = {isa = PBXBuildFile; fileRef = 6A04C95022AA35ED00DFA630 /* AppDelegate.swift */; };
		6A04C95322AA35ED00DFA630 /* ViewController.swift in Sources */ = {isa = PBXBuildFile; fileRef = 6A04C95222AA35ED00DFA630 /* ViewController.swift */; };
		6A04C95622AA35ED00DFA630 /* Main.storyboard in Resources */ = {isa = PBXBuildFile; fileRef = 6A04C95422AA35ED00DFA630 /* Main.storyboard */; };
		6A04C95822AA35EE00DFA630 /* Assets.xcassets in Resources */ = {isa = PBXBuildFile; fileRef = 6A04C95722AA35EE00DFA630 /* Assets.xcassets */; };
		6A04C95B22AA35EE00DFA630 /* LaunchScreen.storyboard in Resources */ = {isa = PBXBuildFile; fileRef = 6A04C95922AA35EE00DFA630 /* LaunchScreen.storyboard */; };
		6A04C96622AA35EE00DFA630 /* WatchOS_3Tests.swift in Sources */ = {isa = PBXBuildFile; fileRef = 6A04C96522AA35EE00DFA630 /* WatchOS_3Tests.swift */; };
		6A04C97122AA35EE00DFA630 /* WatchOS_3UITests.swift in Sources */ = {isa = PBXBuildFile; fileRef = 6A04C97022AA35EE00DFA630 /* WatchOS_3UITests.swift */; };
		6A04C97622AA35EE00DFA630 /* WatchOS_3 WatchKit App.app in Embed Watch Content */ = {isa = PBXBuildFile; fileRef = 6A04C97522AA35EE00DFA630 /* WatchOS_3 WatchKit App.app */; };
		6A04C97C22AA35EE00DFA630 /* Interface.storyboard in Resources */ = {isa = PBXBuildFile; fileRef = 6A04C97A22AA35EE00DFA630 /* Interface.storyboard */; };
		6A04C97E22AA35EF00DFA630 /* Assets.xcassets in Resources */ = {isa = PBXBuildFile; fileRef = 6A04C97D22AA35EF00DFA630 /* Assets.xcassets */; };
		6A04C98522AA35EF00DFA630 /* WatchOS_3 WatchKit Extension.appex in Embed App Extensions */ = {isa = PBXBuildFile; fileRef = 6A04C98422AA35EF00DFA630 /* WatchOS_3 WatchKit Extension.appex */; settings = {ATTRIBUTES = (RemoveHeadersOnCopy, ); }; };
		6A04C98A22AA35EF00DFA630 /* InterfaceController.swift in Sources */ = {isa = PBXBuildFile; fileRef = 6A04C98922AA35EF00DFA630 /* InterfaceController.swift */; };
		6A04C98C22AA35EF00DFA630 /* ExtensionDelegate.swift in Sources */ = {isa = PBXBuildFile; fileRef = 6A04C98B22AA35EF00DFA630 /* ExtensionDelegate.swift */; };
		6A04C98E22AA35EF00DFA630 /* NotificationController.swift in Sources */ = {isa = PBXBuildFile; fileRef = 6A04C98D22AA35EF00DFA630 /* NotificationController.swift */; };
		6A04C99022AA35F000DFA630 /* Assets.xcassets in Resources */ = {isa = PBXBuildFile; fileRef = 6A04C98F22AA35F000DFA630 /* Assets.xcassets */; };
		6A04C9A722AA36E300DFA630 /* TableRowController.swift in Sources */ = {isa = PBXBuildFile; fileRef = 6A04C9A622AA36E300DFA630 /* TableRowController.swift */; };
/* End PBXBuildFile section */

/* Begin PBXContainerItemProxy section */
		6A04C96222AA35EE00DFA630 /* PBXContainerItemProxy */ = {
			isa = PBXContainerItemProxy;
			containerPortal = 6A04C94522AA35ED00DFA630 /* Project object */;
			proxyType = 1;
			remoteGlobalIDString = 6A04C94C22AA35ED00DFA630;
			remoteInfo = WatchOS_3;
		};
		6A04C96D22AA35EE00DFA630 /* PBXContainerItemProxy */ = {
			isa = PBXContainerItemProxy;
			containerPortal = 6A04C94522AA35ED00DFA630 /* Project object */;
			proxyType = 1;
			remoteGlobalIDString = 6A04C94C22AA35ED00DFA630;
			remoteInfo = WatchOS_3;
		};
		6A04C97722AA35EE00DFA630 /* PBXContainerItemProxy */ = {
			isa = PBXContainerItemProxy;
			containerPortal = 6A04C94522AA35ED00DFA630 /* Project object */;
			proxyType = 1;
			remoteGlobalIDString = 6A04C97422AA35EE00DFA630;
			remoteInfo = "WatchOS_3 WatchKit App";
		};
		6A04C98622AA35EF00DFA630 /* PBXContainerItemProxy */ = {
			isa = PBXContainerItemProxy;
			containerPortal = 6A04C94522AA35ED00DFA630 /* Project object */;
			proxyType = 1;
			remoteGlobalIDString = 6A04C98322AA35EF00DFA630;
			remoteInfo = "WatchOS_3 WatchKit Extension";
		};
/* End PBXContainerItemProxy section */

/* Begin PBXCopyFilesBuildPhase section */
		6A04C99822AA35F000DFA630 /* Embed App Extensions */ = {
			isa = PBXCopyFilesBuildPhase;
			buildActionMask = 2147483647;
			dstPath = "";
			dstSubfolderSpec = 13;
			files = (
				6A04C98522AA35EF00DFA630 /* WatchOS_3 WatchKit Extension.appex in Embed App Extensions */,
			);
			name = "Embed App Extensions";
			runOnlyForDeploymentPostprocessing = 0;
		};
		6A04C99C22AA35F000DFA630 /* Embed Watch Content */ = {
			isa = PBXCopyFilesBuildPhase;
			buildActionMask = 2147483647;
			dstPath = "$(CONTENTS_FOLDER_PATH)/Watch";
			dstSubfolderSpec = 16;
			files = (
				6A04C97622AA35EE00DFA630 /* WatchOS_3 WatchKit App.app in Embed Watch Content */,
			);
			name = "Embed Watch Content";
			runOnlyForDeploymentPostprocessing = 0;
		};
/* End PBXCopyFilesBuildPhase section */

/* Begin PBXFileReference section */
		6A04C94D22AA35ED00DFA630 /* WatchOS_3.app */ = {isa = PBXFileReference; explicitFileType = wrapper.application; includeInIndex = 0; path = WatchOS_3.app; sourceTree = BUILT_PRODUCTS_DIR; };
		6A04C95022AA35ED00DFA630 /* AppDelegate.swift */ = {isa = PBXFileReference; lastKnownFileType = sourcecode.swift; path = AppDelegate.swift; sourceTree = "<group>"; };
		6A04C95222AA35ED00DFA630 /* ViewController.swift */ = {isa = PBXFileReference; lastKnownFileType = sourcecode.swift; path = ViewController.swift; sourceTree = "<group>"; };
		6A04C95522AA35ED00DFA630 /* Base */ = {isa = PBXFileReference; lastKnownFileType = file.storyboard; name = Base; path = Base.lproj/Main.storyboard; sourceTree = "<group>"; };
		6A04C95722AA35EE00DFA630 /* Assets.xcassets */ = {isa = PBXFileReference; lastKnownFileType = folder.assetcatalog; path = Assets.xcassets; sourceTree = "<group>"; };
		6A04C95A22AA35EE00DFA630 /* Base */ = {isa = PBXFileReference; lastKnownFileType = file.storyboard; name = Base; path = Base.lproj/LaunchScreen.storyboard; sourceTree = "<group>"; };
		6A04C95C22AA35EE00DFA630 /* Info.plist */ = {isa = PBXFileReference; lastKnownFileType = text.plist.xml; path = Info.plist; sourceTree = "<group>"; };
		6A04C96122AA35EE00DFA630 /* WatchOS_3Tests.xctest */ = {isa = PBXFileReference; explicitFileType = wrapper.cfbundle; includeInIndex = 0; path = WatchOS_3Tests.xctest; sourceTree = BUILT_PRODUCTS_DIR; };
		6A04C96522AA35EE00DFA630 /* WatchOS_3Tests.swift */ = {isa = PBXFileReference; lastKnownFileType = sourcecode.swift; path = WatchOS_3Tests.swift; sourceTree = "<group>"; };
		6A04C96722AA35EE00DFA630 /* Info.plist */ = {isa = PBXFileReference; lastKnownFileType = text.plist.xml; path = Info.plist; sourceTree = "<group>"; };
		6A04C96C22AA35EE00DFA630 /* WatchOS_3UITests.xctest */ = {isa = PBXFileReference; explicitFileType = wrapper.cfbundle; includeInIndex = 0; path = WatchOS_3UITests.xctest; sourceTree = BUILT_PRODUCTS_DIR; };
		6A04C97022AA35EE00DFA630 /* WatchOS_3UITests.swift */ = {isa = PBXFileReference; lastKnownFileType = sourcecode.swift; path = WatchOS_3UITests.swift; sourceTree = "<group>"; };
		6A04C97222AA35EE00DFA630 /* Info.plist */ = {isa = PBXFileReference; lastKnownFileType = text.plist.xml; path = Info.plist; sourceTree = "<group>"; };
		6A04C97522AA35EE00DFA630 /* WatchOS_3 WatchKit App.app */ = {isa = PBXFileReference; explicitFileType = wrapper.application; includeInIndex = 0; path = "WatchOS_3 WatchKit App.app"; sourceTree = BUILT_PRODUCTS_DIR; };
		6A04C97B22AA35EE00DFA630 /* Base */ = {isa = PBXFileReference; lastKnownFileType = file.storyboard; name = Base; path = Base.lproj/Interface.storyboard; sourceTree = "<group>"; };
		6A04C97D22AA35EF00DFA630 /* Assets.xcassets */ = {isa = PBXFileReference; lastKnownFileType = folder.assetcatalog; path = Assets.xcassets; sourceTree = "<group>"; };
		6A04C97F22AA35EF00DFA630 /* Info.plist */ = {isa = PBXFileReference; lastKnownFileType = text.plist.xml; path = Info.plist; sourceTree = "<group>"; };
		6A04C98422AA35EF00DFA630 /* WatchOS_3 WatchKit Extension.appex */ = {isa = PBXFileReference; explicitFileType = "wrapper.app-extension"; includeInIndex = 0; path = "WatchOS_3 WatchKit Extension.appex"; sourceTree = BUILT_PRODUCTS_DIR; };
		6A04C98922AA35EF00DFA630 /* InterfaceController.swift */ = {isa = PBXFileReference; lastKnownFileType = sourcecode.swift; path = InterfaceController.swift; sourceTree = "<group>"; };
		6A04C98B22AA35EF00DFA630 /* ExtensionDelegate.swift */ = {isa = PBXFileReference; lastKnownFileType = sourcecode.swift; path = ExtensionDelegate.swift; sourceTree = "<group>"; };
		6A04C98D22AA35EF00DFA630 /* NotificationController.swift */ = {isa = PBXFileReference; lastKnownFileType = sourcecode.swift; path = NotificationController.swift; sourceTree = "<group>"; };
		6A04C98F22AA35F000DFA630 /* Assets.xcassets */ = {isa = PBXFileReference; lastKnownFileType = folder.assetcatalog; path = Assets.xcassets; sourceTree = "<group>"; };
		6A04C99122AA35F000DFA630 /* Info.plist */ = {isa = PBXFileReference; lastKnownFileType = text.plist.xml; path = Info.plist; sourceTree = "<group>"; };
		6A04C99222AA35F000DFA630 /* PushNotificationPayload.apns */ = {isa = PBXFileReference; lastKnownFileType = text; path = PushNotificationPayload.apns; sourceTree = "<group>"; };
		6A04C9A622AA36E300DFA630 /* TableRowController.swift */ = {isa = PBXFileReference; lastKnownFileType = sourcecode.swift; path = TableRowController.swift; sourceTree = "<group>"; };
/* End PBXFileReference section */

/* Begin PBXFrameworksBuildPhase section */
		6A04C94A22AA35ED00DFA630 /* Frameworks */ = {
			isa = PBXFrameworksBuildPhase;
			buildActionMask = 2147483647;
			files = (
			);
			runOnlyForDeploymentPostprocessing = 0;
		};
		6A04C95E22AA35EE00DFA630 /* Frameworks */ = {
			isa = PBXFrameworksBuildPhase;
			buildActionMask = 2147483647;
			files = (
			);
			runOnlyForDeploymentPostprocessing = 0;
		};
		6A04C96922AA35EE00DFA630 /* Frameworks */ = {
			isa = PBXFrameworksBuildPhase;
			buildActionMask = 2147483647;
			files = (
			);
			runOnlyForDeploymentPostprocessing = 0;
		};
		6A04C98122AA35EF00DFA630 /* Frameworks */ = {
			isa = PBXFrameworksBuildPhase;
			buildActionMask = 2147483647;
			files = (
			);
			runOnlyForDeploymentPostprocessing = 0;
		};
/* End PBXFrameworksBuildPhase section */

/* Begin PBXGroup section */
		6A04C94422AA35ED00DFA630 = {
			isa = PBXGroup;
			children = (
				6A04C94F22AA35ED00DFA630 /* WatchOS_3 */,
				6A04C96422AA35EE00DFA630 /* WatchOS_3Tests */,
				6A04C96F22AA35EE00DFA630 /* WatchOS_3UITests */,
				6A04C97922AA35EE00DFA630 /* WatchOS_3 WatchKit App */,
				6A04C98822AA35EF00DFA630 /* WatchOS_3 WatchKit Extension */,
				6A04C94E22AA35ED00DFA630 /* Products */,
			);
			sourceTree = "<group>";
		};
		6A04C94E22AA35ED00DFA630 /* Products */ = {
			isa = PBXGroup;
			children = (
				6A04C94D22AA35ED00DFA630 /* WatchOS_3.app */,
				6A04C96122AA35EE00DFA630 /* WatchOS_3Tests.xctest */,
				6A04C96C22AA35EE00DFA630 /* WatchOS_3UITests.xctest */,
				6A04C97522AA35EE00DFA630 /* WatchOS_3 WatchKit App.app */,
				6A04C98422AA35EF00DFA630 /* WatchOS_3 WatchKit Extension.appex */,
			);
			name = Products;
			sourceTree = "<group>";
		};
		6A04C94F22AA35ED00DFA630 /* WatchOS_3 */ = {
			isa = PBXGroup;
			children = (
				6A04C95022AA35ED00DFA630 /* AppDelegate.swift */,
				6A04C95222AA35ED00DFA630 /* ViewController.swift */,
				6A04C95422AA35ED00DFA630 /* Main.storyboard */,
				6A04C95722AA35EE00DFA630 /* Assets.xcassets */,
				6A04C95922AA35EE00DFA630 /* LaunchScreen.storyboard */,
				6A04C95C22AA35EE00DFA630 /* Info.plist */,
			);
			path = WatchOS_3;
			sourceTree = "<group>";
		};
		6A04C96422AA35EE00DFA630 /* WatchOS_3Tests */ = {
			isa = PBXGroup;
			children = (
				6A04C96522AA35EE00DFA630 /* WatchOS_3Tests.swift */,
				6A04C96722AA35EE00DFA630 /* Info.plist */,
			);
			path = WatchOS_3Tests;
			sourceTree = "<group>";
		};
		6A04C96F22AA35EE00DFA630 /* WatchOS_3UITests */ = {
			isa = PBXGroup;
			children = (
				6A04C97022AA35EE00DFA630 /* WatchOS_3UITests.swift */,
				6A04C97222AA35EE00DFA630 /* Info.plist */,
			);
			path = WatchOS_3UITests;
			sourceTree = "<group>";
		};
		6A04C97922AA35EE00DFA630 /* WatchOS_3 WatchKit App */ = {
			isa = PBXGroup;
			children = (
				6A04C97A22AA35EE00DFA630 /* Interface.storyboard */,
				6A04C9A622AA36E300DFA630 /* TableRowController.swift */,
				6A04C97D22AA35EF00DFA630 /* Assets.xcassets */,
				6A04C97F22AA35EF00DFA630 /* Info.plist */,
			);
			path = "WatchOS_3 WatchKit App";
			sourceTree = "<group>";
		};
		6A04C98822AA35EF00DFA630 /* WatchOS_3 WatchKit Extension */ = {
			isa = PBXGroup;
			children = (
				6A04C98922AA35EF00DFA630 /* InterfaceController.swift */,
				6A04C98B22AA35EF00DFA630 /* ExtensionDelegate.swift */,
				6A04C98D22AA35EF00DFA630 /* NotificationController.swift */,
				6A04C98F22AA35F000DFA630 /* Assets.xcassets */,
				6A04C99122AA35F000DFA630 /* Info.plist */,
				6A04C99222AA35F000DFA630 /* PushNotificationPayload.apns */,
			);
			path = "WatchOS_3 WatchKit Extension";
			sourceTree = "<group>";
		};
/* End PBXGroup section */

/* Begin PBXNativeTarget section */
		6A04C94C22AA35ED00DFA630 /* WatchOS_3 */ = {
			isa = PBXNativeTarget;
			buildConfigurationList = 6A04C99D22AA35F000DFA630 /* Build configuration list for PBXNativeTarget "WatchOS_3" */;
			buildPhases = (
				6A04C94922AA35ED00DFA630 /* Sources */,
				6A04C94A22AA35ED00DFA630 /* Frameworks */,
				6A04C94B22AA35ED00DFA630 /* Resources */,
				6A04C99C22AA35F000DFA630 /* Embed Watch Content */,
			);
			buildRules = (
			);
			dependencies = (
				6A04C97822AA35EE00DFA630 /* PBXTargetDependency */,
			);
			name = WatchOS_3;
			productName = WatchOS_3;
			productReference = 6A04C94D22AA35ED00DFA630 /* WatchOS_3.app */;
			productType = "com.apple.product-type.application";
		};
		6A04C96022AA35EE00DFA630 /* WatchOS_3Tests */ = {
			isa = PBXNativeTarget;
			buildConfigurationList = 6A04C9A022AA35F000DFA630 /* Build configuration list for PBXNativeTarget "WatchOS_3Tests" */;
			buildPhases = (
				6A04C95D22AA35EE00DFA630 /* Sources */,
				6A04C95E22AA35EE00DFA630 /* Frameworks */,
				6A04C95F22AA35EE00DFA630 /* Resources */,
			);
			buildRules = (
			);
			dependencies = (
				6A04C96322AA35EE00DFA630 /* PBXTargetDependency */,
			);
			name = WatchOS_3Tests;
			productName = WatchOS_3Tests;
			productReference = 6A04C96122AA35EE00DFA630 /* WatchOS_3Tests.xctest */;
			productType = "com.apple.product-type.bundle.unit-test";
		};
		6A04C96B22AA35EE00DFA630 /* WatchOS_3UITests */ = {
			isa = PBXNativeTarget;
			buildConfigurationList = 6A04C9A322AA35F000DFA630 /* Build configuration list for PBXNativeTarget "WatchOS_3UITests" */;
			buildPhases = (
				6A04C96822AA35EE00DFA630 /* Sources */,
				6A04C96922AA35EE00DFA630 /* Frameworks */,
				6A04C96A22AA35EE00DFA630 /* Resources */,
			);
			buildRules = (
			);
			dependencies = (
				6A04C96E22AA35EE00DFA630 /* PBXTargetDependency */,
			);
			name = WatchOS_3UITests;
			productName = WatchOS_3UITests;
			productReference = 6A04C96C22AA35EE00DFA630 /* WatchOS_3UITests.xctest */;
			productType = "com.apple.product-type.bundle.ui-testing";
		};
		6A04C97422AA35EE00DFA630 /* WatchOS_3 WatchKit App */ = {
			isa = PBXNativeTarget;
			buildConfigurationList = 6A04C99922AA35F000DFA630 /* Build configuration list for PBXNativeTarget "WatchOS_3 WatchKit App" */;
			buildPhases = (
				6A04C97322AA35EE00DFA630 /* Resources */,
				6A04C99822AA35F000DFA630 /* Embed App Extensions */,
			);
			buildRules = (
			);
			dependencies = (
				6A04C98722AA35EF00DFA630 /* PBXTargetDependency */,
			);
			name = "WatchOS_3 WatchKit App";
			productName = "WatchOS_3 WatchKit App";
			productReference = 6A04C97522AA35EE00DFA630 /* WatchOS_3 WatchKit App.app */;
			productType = "com.apple.product-type.application.watchapp2";
		};
		6A04C98322AA35EF00DFA630 /* WatchOS_3 WatchKit Extension */ = {
			isa = PBXNativeTarget;
			buildConfigurationList = 6A04C99522AA35F000DFA630 /* Build configuration list for PBXNativeTarget "WatchOS_3 WatchKit Extension" */;
			buildPhases = (
				6A04C98022AA35EF00DFA630 /* Sources */,
				6A04C98122AA35EF00DFA630 /* Frameworks */,
				6A04C98222AA35EF00DFA630 /* Resources */,
			);
			buildRules = (
			);
			dependencies = (
			);
			name = "WatchOS_3 WatchKit Extension";
			productName = "WatchOS_3 WatchKit Extension";
			productReference = 6A04C98422AA35EF00DFA630 /* WatchOS_3 WatchKit Extension.appex */;
			productType = "com.apple.product-type.watchkit2-extension";
		};
/* End PBXNativeTarget section */

/* Begin PBXProject section */
		6A04C94522AA35ED00DFA630 /* Project object */ = {
			isa = PBXProject;
			attributes = {
				LastSwiftUpdateCheck = 1020;
				LastUpgradeCheck = 1020;
				ORGANIZATIONNAME = ll;
				TargetAttributes = {
					6A04C94C22AA35ED00DFA630 = {
						CreatedOnToolsVersion = 10.2.1;
					};
					6A04C96022AA35EE00DFA630 = {
						CreatedOnToolsVersion = 10.2.1;
						TestTargetID = 6A04C94C22AA35ED00DFA630;
					};
					6A04C96B22AA35EE00DFA630 = {
						CreatedOnToolsVersion = 10.2.1;
						TestTargetID = 6A04C94C22AA35ED00DFA630;
					};
					6A04C97422AA35EE00DFA630 = {
						CreatedOnToolsVersion = 10.2.1;
					};
					6A04C98322AA35EF00DFA630 = {
						CreatedOnToolsVersion = 10.2.1;
					};
				};
			};
			buildConfigurationList = 6A04C94822AA35ED00DFA630 /* Build configuration list for PBXProject "WatchOS_3" */;
			compatibilityVersion = "Xcode 9.3";
			developmentRegion = en;
			hasScannedForEncodings = 0;
			knownRegions = (
				en,
				Base,
			);
			mainGroup = 6A04C94422AA35ED00DFA630;
			productRefGroup = 6A04C94E22AA35ED00DFA630 /* Products */;
			projectDirPath = "";
			projectRoot = "";
			targets = (
				6A04C94C22AA35ED00DFA630 /* WatchOS_3 */,
				6A04C96022AA35EE00DFA630 /* WatchOS_3Tests */,
				6A04C96B22AA35EE00DFA630 /* WatchOS_3UITests */,
				6A04C97422AA35EE00DFA630 /* WatchOS_3 WatchKit App */,
				6A04C98322AA35EF00DFA630 /* WatchOS_3 WatchKit Extension */,
			);
		};
/* End PBXProject section */

/* Begin PBXResourcesBuildPhase section */
		6A04C94B22AA35ED00DFA630 /* Resources */ = {
			isa = PBXResourcesBuildPhase;
			buildActionMask = 2147483647;
			files = (
				6A04C95B22AA35EE00DFA630 /* LaunchScreen.storyboard in Resources */,
				6A04C95822AA35EE00DFA630 /* Assets.xcassets in Resources */,
				6A04C95622AA35ED00DFA630 /* Main.storyboard in Resources */,
			);
			runOnlyForDeploymentPostprocessing = 0;
		};
		6A04C95F22AA35EE00DFA630 /* Resources */ = {
			isa = PBXResourcesBuildPhase;
			buildActionMask = 2147483647;
			files = (
			);
			runOnlyForDeploymentPostprocessing = 0;
		};
		6A04C96A22AA35EE00DFA630 /* Resources */ = {
			isa = PBXResourcesBuildPhase;
			buildActionMask = 2147483647;
			files = (
			);
			runOnlyForDeploymentPostprocessing = 0;
		};
		6A04C97322AA35EE00DFA630 /* Resources */ = {
			isa = PBXResourcesBuildPhase;
			buildActionMask = 2147483647;
			files = (
				6A04C97E22AA35EF00DFA630 /* Assets.xcassets in Resources */,
				6A04C97C22AA35EE00DFA630 /* Interface.storyboard in Resources */,
			);
			runOnlyForDeploymentPostprocessing = 0;
		};
		6A04C98222AA35EF00DFA630 /* Resources */ = {
			isa = PBXResourcesBuildPhase;
			buildActionMask = 2147483647;
			files = (
				6A04C99022AA35F000DFA630 /* Assets.xcassets in Resources */,
			);
			runOnlyForDeploymentPostprocessing = 0;
		};
/* End PBXResourcesBuildPhase section */

/* Begin PBXSourcesBuildPhase section */
		6A04C94922AA35ED00DFA630 /* Sources */ = {
			isa = PBXSourcesBuildPhase;
			buildActionMask = 2147483647;
			files = (
				6A04C95322AA35ED00DFA630 /* ViewController.swift in Sources */,
				6A04C9A722AA36E300DFA630 /* TableRowController.swift in Sources */,
				6A04C95122AA35ED00DFA630 /* AppDelegate.swift in Sources */,
			);
			runOnlyForDeploymentPostprocessing = 0;
		};
		6A04C95D22AA35EE00DFA630 /* Sources */ = {
			isa = PBXSourcesBuildPhase;
			buildActionMask = 2147483647;
			files = (
				6A04C96622AA35EE00DFA630 /* WatchOS_3Tests.swift in Sources */,
			);
			runOnlyForDeploymentPostprocessing = 0;
		};
		6A04C96822AA35EE00DFA630 /* Sources */ = {
			isa = PBXSourcesBuildPhase;
			buildActionMask = 2147483647;
			files = (
				6A04C97122AA35EE00DFA630 /* WatchOS_3UITests.swift in Sources */,
			);
			runOnlyForDeploymentPostprocessing = 0;
		};
		6A04C98022AA35EF00DFA630 /* Sources */ = {
			isa = PBXSourcesBuildPhase;
			buildActionMask = 2147483647;
			files = (
				6A04C98E22AA35EF00DFA630 /* NotificationController.swift in Sources */,
				6A04C98C22AA35EF00DFA630 /* ExtensionDelegate.swift in Sources */,
				6A04C98A22AA35EF00DFA630 /* InterfaceController.swift in Sources */,
			);
			runOnlyForDeploymentPostprocessing = 0;
		};
/* End PBXSourcesBuildPhase section */

/* Begin PBXTargetDependency section */
		6A04C96322AA35EE00DFA630 /* PBXTargetDependency */ = {
			isa = PBXTargetDependency;
			target = 6A04C94C22AA35ED00DFA630 /* WatchOS_3 */;
			targetProxy = 6A04C96222AA35EE00DFA630 /* PBXContainerItemProxy */;
		};
		6A04C96E22AA35EE00DFA630 /* PBXTargetDependency */ = {
			isa = PBXTargetDependency;
			target = 6A04C94C22AA35ED00DFA630 /* WatchOS_3 */;
			targetProxy = 6A04C96D22AA35EE00DFA630 /* PBXContainerItemProxy */;
		};
		6A04C97822AA35EE00DFA630 /* PBXTargetDependency */ = {
			isa = PBXTargetDependency;
			target = 6A04C97422AA35EE00DFA630 /* WatchOS_3 WatchKit App */;
			targetProxy = 6A04C97722AA35EE00DFA630 /* PBXContainerItemProxy */;
		};
		6A04C98722AA35EF00DFA630 /* PBXTargetDependency */ = {
			isa = PBXTargetDependency;
			target = 6A04C98322AA35EF00DFA630 /* WatchOS_3 WatchKit Extension */;
			targetProxy = 6A04C98622AA35EF00DFA630 /* PBXContainerItemProxy */;
		};
/* End PBXTargetDependency section */

/* Begin PBXVariantGroup section */
		6A04C95422AA35ED00DFA630 /* Main.storyboard */ = {
			isa = PBXVariantGroup;
			children = (
				6A04C95522AA35ED00DFA630 /* Base */,
			);
			name = Main.storyboard;
			sourceTree = "<group>";
		};
		6A04C95922AA35EE00DFA630 /* LaunchScreen.storyboard */ = {
			isa = PBXVariantGroup;
			children = (
				6A04C95A22AA35EE00DFA630 /* Base */,
			);
			name = LaunchScreen.storyboard;
			sourceTree = "<group>";
		};
		6A04C97A22AA35EE00DFA630 /* Interface.storyboard */ = {
			isa = PBXVariantGroup;
			children = (
				6A04C97B22AA35EE00DFA630 /* Base */,
			);
			name = Interface.storyboard;
			sourceTree = "<group>";
		};
/* End PBXVariantGroup section */

/* Begin XCBuildConfiguration section */
		6A04C99322AA35F000DFA630 /* Debug */ = {
			isa = XCBuildConfiguration;
			buildSettings = {
				ALWAYS_SEARCH_USER_PATHS = NO;
				CLANG_ANALYZER_NONNULL = YES;
				CLANG_ANALYZER_NUMBER_OBJECT_CONVERSION = YES_AGGRESSIVE;
				CLANG_CXX_LANGUAGE_STANDARD = "gnu++14";
				CLANG_CXX_LIBRARY = "libc++";
				CLANG_ENABLE_MODULES = YES;
				CLANG_ENABLE_OBJC_ARC = YES;
				CLANG_ENABLE_OBJC_WEAK = YES;
				CLANG_WARN_BLOCK_CAPTURE_AUTORELEASING = YES;
				CLANG_WARN_BOOL_CONVERSION = YES;
				CLANG_WARN_COMMA = YES;
				CLANG_WARN_CONSTANT_CONVERSION = YES;
				CLANG_WARN_DEPRECATED_OBJC_IMPLEMENTATIONS = YES;
				CLANG_WARN_DIRECT_OBJC_ISA_USAGE = YES_ERROR;
				CLANG_WARN_DOCUMENTATION_COMMENTS = YES;
				CLANG_WARN_EMPTY_BODY = YES;
				CLANG_WARN_ENUM_CONVERSION = YES;
				CLANG_WARN_INFINITE_RECURSION = YES;
				CLANG_WARN_INT_CONVERSION = YES;
				CLANG_WARN_NON_LITERAL_NULL_CONVERSION = YES;
				CLANG_WARN_OBJC_IMPLICIT_RETAIN_SELF = YES;
				CLANG_WARN_OBJC_LITERAL_CONVERSION = YES;
				CLANG_WARN_OBJC_ROOT_CLASS = YES_ERROR;
				CLANG_WARN_RANGE_LOOP_ANALYSIS = YES;
				CLANG_WARN_STRICT_PROTOTYPES = YES;
				CLANG_WARN_SUSPICIOUS_MOVE = YES;
				CLANG_WARN_UNGUARDED_AVAILABILITY = YES_AGGRESSIVE;
				CLANG_WARN_UNREACHABLE_CODE = YES;
				CLANG_WARN__DUPLICATE_METHOD_MATCH = YES;
				CODE_SIGN_IDENTITY = "iPhone Developer";
				COPY_PHASE_STRIP = NO;
				DEBUG_INFORMATION_FORMAT = dwarf;
				ENABLE_STRICT_OBJC_MSGSEND = YES;
				ENABLE_TESTABILITY = YES;
				GCC_C_LANGUAGE_STANDARD = gnu11;
				GCC_DYNAMIC_NO_PIC = NO;
				GCC_NO_COMMON_BLOCKS = YES;
				GCC_OPTIMIZATION_LEVEL = 0;
				GCC_PREPROCESSOR_DEFINITIONS = (
					"DEBUG=1",
					"$(inherited)",
				);
				GCC_WARN_64_TO_32_BIT_CONVERSION = YES;
				GCC_WARN_ABOUT_RETURN_TYPE = YES_ERROR;
				GCC_WARN_UNDECLARED_SELECTOR = YES;
				GCC_WARN_UNINITIALIZED_AUTOS = YES_AGGRESSIVE;
				GCC_WARN_UNUSED_FUNCTION = YES;
				GCC_WARN_UNUSED_VARIABLE = YES;
				IPHONEOS_DEPLOYMENT_TARGET = 12.2;
				MTL_ENABLE_DEBUG_INFO = INCLUDE_SOURCE;
				MTL_FAST_MATH = YES;
				ONLY_ACTIVE_ARCH = YES;
				SDKROOT = iphoneos;
				SWIFT_ACTIVE_COMPILATION_CONDITIONS = DEBUG;
				SWIFT_OPTIMIZATION_LEVEL = "-Onone";
			};
			name = Debug;
		};
		6A04C99422AA35F000DFA630 /* Release */ = {
			isa = XCBuildConfiguration;
			buildSettings = {
				ALWAYS_SEARCH_USER_PATHS = NO;
				CLANG_ANALYZER_NONNULL = YES;
				CLANG_ANALYZER_NUMBER_OBJECT_CONVERSION = YES_AGGRESSIVE;
				CLANG_CXX_LANGUAGE_STANDARD = "gnu++14";
				CLANG_CXX_LIBRARY = "libc++";
				CLANG_ENABLE_MODULES = YES;
				CLANG_ENABLE_OBJC_ARC = YES;
				CLANG_ENABLE_OBJC_WEAK = YES;
				CLANG_WARN_BLOCK_CAPTURE_AUTORELEASING = YES;
				CLANG_WARN_BOOL_CONVERSION = YES;
				CLANG_WARN_COMMA = YES;
				CLANG_WARN_CONSTANT_CONVERSION = YES;
				CLANG_WARN_DEPRECATED_OBJC_IMPLEMENTATIONS = YES;
				CLANG_WARN_DIRECT_OBJC_ISA_USAGE = YES_ERROR;
				CLANG_WARN_DOCUMENTATION_COMMENTS = YES;
				CLANG_WARN_EMPTY_BODY = YES;
				CLANG_WARN_ENUM_CONVERSION = YES;
				CLANG_WARN_INFINITE_RECURSION = YES;
				CLANG_WARN_INT_CONVERSION = YES;
				CLANG_WARN_NON_LITERAL_NULL_CONVERSION = YES;
				CLANG_WARN_OBJC_IMPLICIT_RETAIN_SELF = YES;
				CLANG_WARN_OBJC_LITERAL_CONVERSION = YES;
				CLANG_WARN_OBJC_ROOT_CLASS = YES_ERROR;
				CLANG_WARN_RANGE_LOOP_ANALYSIS = YES;
				CLANG_WARN_STRICT_PROTOTYPES = YES;
				CLANG_WARN_SUSPICIOUS_MOVE = YES;
				CLANG_WARN_UNGUARDED_AVAILABILITY = YES_AGGRESSIVE;
				CLANG_WARN_UNREACHABLE_CODE = YES;
				CLANG_WARN__DUPLICATE_METHOD_MATCH = YES;
				CODE_SIGN_IDENTITY = "iPhone Developer";
				COPY_PHASE_STRIP = NO;
				DEBUG_INFORMATION_FORMAT = "dwarf-with-dsym";
				ENABLE_NS_ASSERTIONS = NO;
				ENABLE_STRICT_OBJC_MSGSEND = YES;
				GCC_C_LANGUAGE_STANDARD = gnu11;
				GCC_NO_COMMON_BLOCKS = YES;
				GCC_WARN_64_TO_32_BIT_CONVERSION = YES;
				GCC_WARN_ABOUT_RETURN_TYPE = YES_ERROR;
				GCC_WARN_UNDECLARED_SELECTOR = YES;
				GCC_WARN_UNINITIALIZED_AUTOS = YES_AGGRESSIVE;
				GCC_WARN_UNUSED_FUNCTION = YES;
				GCC_WARN_UNUSED_VARIABLE = YES;
				IPHONEOS_DEPLOYMENT_TARGET = 12.2;
				MTL_ENABLE_DEBUG_INFO = NO;
				MTL_FAST_MATH = YES;
				SDKROOT = iphoneos;
				SWIFT_COMPILATION_MODE = wholemodule;
				SWIFT_OPTIMIZATION_LEVEL = "-O";
				VALIDATE_PRODUCT = YES;
			};
			name = Release;
		};
		6A04C99622AA35F000DFA630 /* Debug */ = {
			isa = XCBuildConfiguration;
			buildSettings = {
				ASSETCATALOG_COMPILER_COMPLICATION_NAME = Complication;
				CODE_SIGN_STYLE = Automatic;
				INFOPLIST_FILE = "WatchOS_3 WatchKit Extension/Info.plist";
				LD_RUNPATH_SEARCH_PATHS = (
					"$(inherited)",
					"@executable_path/Frameworks",
					"@executable_path/../../Frameworks",
				);
				PRODUCT_BUNDLE_IDENTIFIER = "DDDD.WatchOS-3.watchkitapp.watchkitextension";
				PRODUCT_NAME = "${TARGET_NAME}";
				SDKROOT = watchos;
				SKIP_INSTALL = YES;
				SWIFT_VERSION = 5.0;
				TARGETED_DEVICE_FAMILY = 4;
				WATCHOS_DEPLOYMENT_TARGET = 5.2;
			};
			name = Debug;
		};
		6A04C99722AA35F000DFA630 /* Release */ = {
			isa = XCBuildConfiguration;
			buildSettings = {
				ASSETCATALOG_COMPILER_COMPLICATION_NAME = Complication;
				CODE_SIGN_STYLE = Automatic;
				INFOPLIST_FILE = "WatchOS_3 WatchKit Extension/Info.plist";
				LD_RUNPATH_SEARCH_PATHS = (
					"$(inherited)",
					"@executable_path/Frameworks",
					"@executable_path/../../Frameworks",
				);
				PRODUCT_BUNDLE_IDENTIFIER = "DDDD.WatchOS-3.watchkitapp.watchkitextension";
				PRODUCT_NAME = "${TARGET_NAME}";
				SDKROOT = watchos;
				SKIP_INSTALL = YES;
				SWIFT_VERSION = 5.0;
				TARGETED_DEVICE_FAMILY = 4;
				WATCHOS_DEPLOYMENT_TARGET = 5.2;
			};
			name = Release;
		};
		6A04C99A22AA35F000DFA630 /* Debug */ = {
			isa = XCBuildConfiguration;
			buildSettings = {
				ALWAYS_EMBED_SWIFT_STANDARD_LIBRARIES = YES;
				ASSETCATALOG_COMPILER_APPICON_NAME = AppIcon;
				CODE_SIGN_STYLE = Automatic;
				IBSC_MODULE = WatchOS_3_WatchKit_Extension;
				INFOPLIST_FILE = "WatchOS_3 WatchKit App/Info.plist";
				PRODUCT_BUNDLE_IDENTIFIER = "DDDD.WatchOS-3.watchkitapp";
				PRODUCT_NAME = "$(TARGET_NAME)";
				SDKROOT = watchos;
				SKIP_INSTALL = YES;
				SWIFT_VERSION = 5.0;
				TARGETED_DEVICE_FAMILY = 4;
				WATCHOS_DEPLOYMENT_TARGET = 5.2;
			};
			name = Debug;
		};
		6A04C99B22AA35F000DFA630 /* Release */ = {
			isa = XCBuildConfiguration;
			buildSettings = {
				ALWAYS_EMBED_SWIFT_STANDARD_LIBRARIES = YES;
				ASSETCATALOG_COMPILER_APPICON_NAME = AppIcon;
				CODE_SIGN_STYLE = Automatic;
				IBSC_MODULE = WatchOS_3_WatchKit_Extension;
				INFOPLIST_FILE = "WatchOS_3 WatchKit App/Info.plist";
				PRODUCT_BUNDLE_IDENTIFIER = "DDDD.WatchOS-3.watchkitapp";
				PRODUCT_NAME = "$(TARGET_NAME)";
				SDKROOT = watchos;
				SKIP_INSTALL = YES;
				SWIFT_VERSION = 5.0;
				TARGETED_DEVICE_FAMILY = 4;
				WATCHOS_DEPLOYMENT_TARGET = 5.2;
			};
			name = Release;
		};
		6A04C99E22AA35F000DFA630 /* Debug */ = {
			isa = XCBuildConfiguration;
			buildSettings = {
				ASSETCATALOG_COMPILER_APPICON_NAME = AppIcon;
				CODE_SIGN_STYLE = Automatic;
				INFOPLIST_FILE = WatchOS_3/Info.plist;
				LD_RUNPATH_SEARCH_PATHS = (
					"$(inherited)",
					"@executable_path/Frameworks",
				);
				PRODUCT_BUNDLE_IDENTIFIER = "DDDD.WatchOS-3";
				PRODUCT_NAME = "$(TARGET_NAME)";
				SWIFT_VERSION = 5.0;
				TARGETED_DEVICE_FAMILY = "1,2";
			};
			name = Debug;
		};
		6A04C99F22AA35F000DFA630 /* Release */ = {
			isa = XCBuildConfiguration;
			buildSettings = {
				ASSETCATALOG_COMPILER_APPICON_NAME = AppIcon;
				CODE_SIGN_STYLE = Automatic;
				INFOPLIST_FILE = WatchOS_3/Info.plist;
				LD_RUNPATH_SEARCH_PATHS = (
					"$(inherited)",
					"@executable_path/Frameworks",
				);
				PRODUCT_BUNDLE_IDENTIFIER = "DDDD.WatchOS-3";
				PRODUCT_NAME = "$(TARGET_NAME)";
				SWIFT_VERSION = 5.0;
				TARGETED_DEVICE_FAMILY = "1,2";
			};
			name = Release;
		};
		6A04C9A122AA35F000DFA630 /* Debug */ = {
			isa = XCBuildConfiguration;
			buildSettings = {
				ALWAYS_EMBED_SWIFT_STANDARD_LIBRARIES = YES;
				BUNDLE_LOADER = "$(TEST_HOST)";
				CODE_SIGN_STYLE = Automatic;
				INFOPLIST_FILE = WatchOS_3Tests/Info.plist;
				LD_RUNPATH_SEARCH_PATHS = (
					"$(inherited)",
					"@executable_path/Frameworks",
					"@loader_path/Frameworks",
				);
				PRODUCT_BUNDLE_IDENTIFIER = "DDDD.WatchOS-3Tests";
				PRODUCT_NAME = "$(TARGET_NAME)";
				SWIFT_VERSION = 5.0;
				TARGETED_DEVICE_FAMILY = "1,2";
				TEST_HOST = "$(BUILT_PRODUCTS_DIR)/WatchOS_3.app/WatchOS_3";
			};
			name = Debug;
		};
		6A04C9A222AA35F000DFA630 /* Release */ = {
			isa = XCBuildConfiguration;
			buildSettings = {
				ALWAYS_EMBED_SWIFT_STANDARD_LIBRARIES = YES;
				BUNDLE_LOADER = "$(TEST_HOST)";
				CODE_SIGN_STYLE = Automatic;
				INFOPLIST_FILE = WatchOS_3Tests/Info.plist;
				LD_RUNPATH_SEARCH_PATHS = (
					"$(inherited)",
					"@executable_path/Frameworks",
					"@loader_path/Frameworks",
				);
				PRODUCT_BUNDLE_IDENTIFIER = "DDDD.WatchOS-3Tests";
				PRODUCT_NAME = "$(TARGET_NAME)";
				SWIFT_VERSION = 5.0;
				TARGETED_DEVICE_FAMILY = "1,2";
				TEST_HOST = "$(BUILT_PRODUCTS_DIR)/WatchOS_3.app/WatchOS_3";
			};
			name = Release;
		};
		6A04C9A422AA35F000DFA630 /* Debug */ = {
			isa = XCBuildConfiguration;
			buildSettings = {
				ALWAYS_EMBED_SWIFT_STANDARD_LIBRARIES = YES;
				CODE_SIGN_STYLE = Automatic;
				INFOPLIST_FILE = WatchOS_3UITests/Info.plist;
				LD_RUNPATH_SEARCH_PATHS = (
					"$(inherited)",
					"@executable_path/Frameworks",
					"@loader_path/Frameworks",
				);
				PRODUCT_BUNDLE_IDENTIFIER = "DDDD.WatchOS-3UITests";
				PRODUCT_NAME = "$(TARGET_NAME)";
				SWIFT_VERSION = 5.0;
				TARGETED_DEVICE_FAMILY = "1,2";
				TEST_TARGET_NAME = WatchOS_3;
			};
			name = Debug;
		};
		6A04C9A522AA35F000DFA630 /* Release */ = {
			isa = XCBuildConfiguration;
			buildSettings = {
				ALWAYS_EMBED_SWIFT_STANDARD_LIBRARIES = YES;
				CODE_SIGN_STYLE = Automatic;
				INFOPLIST_FILE = WatchOS_3UITests/Info.plist;
				LD_RUNPATH_SEARCH_PATHS = (
					"$(inherited)",
					"@executable_path/Frameworks",
					"@loader_path/Frameworks",
				);
				PRODUCT_BUNDLE_IDENTIFIER = "DDDD.WatchOS-3UITests";
				PRODUCT_NAME = "$(TARGET_NAME)";
				SWIFT_VERSION = 5.0;
				TARGETED_DEVICE_FAMILY = "1,2";
				TEST_TARGET_NAME = WatchOS_3;
			};
			name = Release;
		};
/* End XCBuildConfiguration section */

/* Begin XCConfigurationList section */
		6A04C94822AA35ED00DFA630 /* Build configuration list for PBXProject "WatchOS_3" */ = {
			isa = XCConfigurationList;
			buildConfigurations = (
				6A04C99322AA35F000DFA630 /* Debug */,
				6A04C99422AA35F000DFA630 /* Release */,
			);
			defaultConfigurationIsVisible = 0;
			defaultConfigurationName = Release;
		};
		6A04C99522AA35F000DFA630 /* Build configuration list for PBXNativeTarget "WatchOS_3 WatchKit Extension" */ = {
			isa = XCConfigurationList;
			buildConfigurations = (
				6A04C99622AA35F000DFA630 /* Debug */,
				6A04C99722AA35F000DFA630 /* Release */,
			);
			defaultConfigurationIsVisible = 0;
			defaultConfigurationName = Release;
		};
		6A04C99922AA35F000DFA630 /* Build configuration list for PBXNativeTarget "WatchOS_3 WatchKit App" */ = {
			isa = XCConfigurationList;
			buildConfigurations = (
				6A04C99A22AA35F000DFA630 /* Debug */,
				6A04C99B22AA35F000DFA630 /* Release */,
			);
			defaultConfigurationIsVisible = 0;
			defaultConfigurationName = Release;
		};
		6A04C99D22AA35F000DFA630 /* Build configuration list for PBXNativeTarget "WatchOS_3" */ = {
			isa = XCConfigurationList;
			buildConfigurations = (
				6A04C99E22AA35F000DFA630 /* Debug */,
				6A04C99F22AA35F000DFA630 /* Release */,
			);
			defaultConfigurationIsVisible = 0;
			defaultConfigurationName = Release;
		};
		6A04C9A022AA35F000DFA630 /* Build configuration list for PBXNativeTarget "WatchOS_3Tests" */ = {
			isa = XCConfigurationList;
			buildConfigurations = (
				6A04C9A122AA35F000DFA630 /* Debug */,
				6A04C9A222AA35F000DFA630 /* Release */,
			);
			defaultConfigurationIsVisible = 0;
			defaultConfigurationName = Release;
		};
		6A04C9A322AA35F000DFA630 /* Build configuration list for PBXNativeTarget "WatchOS_3UITests" */ = {
			isa = XCConfigurationList;
			buildConfigurations = (
				6A04C9A422AA35F000DFA630 /* Debug */,
				6A04C9A522AA35F000DFA630 /* Release */,
			);
			defaultConfigurationIsVisible = 0;
			defaultConfigurationName = Release;
		};
/* End XCConfigurationList section */
	};
	rootObject = 6A04C94522AA35ED00DFA630 /* Project object */;
}
