// !$*UTF8*$!
{
	archiveVersion = 1;
	classes = {
	};
	objectVersion = 50;
	objects = {

/* Begin PBXBuildFile section */
		6A270DCF22AA289800363974 /* AppDelegate.swift in Sources */ = {isa = PBXBuildFile; fileRef = 6A270DCE22AA289800363974 /* AppDelegate.swift */; };
		6A270DD122AA289800363974 /* ViewController.swift in Sources */ = {isa = PBXBuildFile; fileRef = 6A270DD022AA289800363974 /* ViewController.swift */; };
		6A270DD422AA289800363974 /* Main.storyboard in Resources */ = {isa = PBXBuildFile; fileRef = 6A270DD222AA289800363974 /* Main.storyboard */; };
		6A270DD622AA289900363974 /* Assets.xcassets in Resources */ = {isa = PBXBuildFile; fileRef = 6A270DD522AA289900363974 /* Assets.xcassets */; };
		6A270DD922AA289900363974 /* LaunchScreen.storyboard in Resources */ = {isa = PBXBuildFile; fileRef = 6A270DD722AA289900363974 /* LaunchScreen.storyboard */; };
		6A270DE422AA289900363974 /* WatchOS_02Tests.swift in Sources */ = {isa = PBXBuildFile; fileRef = 6A270DE322AA289900363974 /* WatchOS_02Tests.swift */; };
		6A270DEF22AA289900363974 /* WatchOS_02UITests.swift in Sources */ = {isa = PBXBuildFile; fileRef = 6A270DEE22AA289900363974 /* WatchOS_02UITests.swift */; };
		6A270DF422AA289900363974 /* WatchOS_02 WatchKit App.app in Embed Watch Content */ = {isa = PBXBuildFile; fileRef = 6A270DF322AA289900363974 /* WatchOS_02 WatchKit App.app */; };
		6A270DFA22AA289900363974 /* Interface.storyboard in Resources */ = {isa = PBXBuildFile; fileRef = 6A270DF822AA289900363974 /* Interface.storyboard */; };
		6A270DFC22AA289A00363974 /* Assets.xcassets in Resources */ = {isa = PBXBuildFile; fileRef = 6A270DFB22AA289A00363974 /* Assets.xcassets */; };
		6A270E0322AA289A00363974 /* WatchOS_02 WatchKit Extension.appex in Embed App Extensions */ = {isa = PBXBuildFile; fileRef = 6A270E0222AA289A00363974 /* WatchOS_02 WatchKit Extension.appex */; settings = {ATTRIBUTES = (RemoveHeadersOnCopy, ); }; };
		6A270E0822AA289A00363974 /* InterfaceController.swift in Sources */ = {isa = PBXBuildFile; fileRef = 6A270E0722AA289A00363974 /* InterfaceController.swift */; };
		6A270E0A22AA289A00363974 /* ExtensionDelegate.swift in Sources */ = {isa = PBXBuildFile; fileRef = 6A270E0922AA289A00363974 /* ExtensionDelegate.swift */; };
		6A270E0C22AA289A00363974 /* NotificationController.swift in Sources */ = {isa = PBXBuildFile; fileRef = 6A270E0B22AA289A00363974 /* NotificationController.swift */; };
		6A270E0E22AA289B00363974 /* Assets.xcassets in Resources */ = {isa = PBXBuildFile; fileRef = 6A270E0D22AA289B00363974 /* Assets.xcassets */; };
		6A270E2522AA2AC600363974 /* SecondInterfaceController.swift in Sources */ = {isa = PBXBuildFile; fileRef = 6A270E2422AA2AC600363974 /* SecondInterfaceController.swift */; };
/* End PBXBuildFile section */

/* Begin PBXContainerItemProxy section */
		6A270DE022AA289900363974 /* PBXContainerItemProxy */ = {
			isa = PBXContainerItemProxy;
			containerPortal = 6A270DC322AA289800363974 /* Project object */;
			proxyType = 1;
			remoteGlobalIDString = 6A270DCA22AA289800363974;
			remoteInfo = WatchOS_02;
		};
		6A270DEB22AA289900363974 /* PBXContainerItemProxy */ = {
			isa = PBXContainerItemProxy;
			containerPortal = 6A270DC322AA289800363974 /* Project object */;
			proxyType = 1;
			remoteGlobalIDString = 6A270DCA22AA289800363974;
			remoteInfo = WatchOS_02;
		};
		6A270DF522AA289900363974 /* PBXContainerItemProxy */ = {
			isa = PBXContainerItemProxy;
			containerPortal = 6A270DC322AA289800363974 /* Project object */;
			proxyType = 1;
			remoteGlobalIDString = 6A270DF222AA289900363974;
			remoteInfo = "WatchOS_02 WatchKit App";
		};
		6A270E0422AA289A00363974 /* PBXContainerItemProxy */ = {
			isa = PBXContainerItemProxy;
			containerPortal = 6A270DC322AA289800363974 /* Project object */;
			proxyType = 1;
			remoteGlobalIDString = 6A270E0122AA289A00363974;
			remoteInfo = "WatchOS_02 WatchKit Extension";
		};
/* End PBXContainerItemProxy section */

/* Begin PBXCopyFilesBuildPhase section */
		6A270E1622AA289B00363974 /* Embed App Extensions */ = {
			isa = PBXCopyFilesBuildPhase;
			buildActionMask = 2147483647;
			dstPath = "";
			dstSubfolderSpec = 13;
			files = (
				6A270E0322AA289A00363974 /* WatchOS_02 WatchKit Extension.appex in Embed App Extensions */,
			);
			name = "Embed App Extensions";
			runOnlyForDeploymentPostprocessing = 0;
		};
		6A270E1A22AA289B00363974 /* Embed Watch Content */ = {
			isa = PBXCopyFilesBuildPhase;
			buildActionMask = 2147483647;
			dstPath = "$(CONTENTS_FOLDER_PATH)/Watch";
			dstSubfolderSpec = 16;
			files = (
				6A270DF422AA289900363974 /* WatchOS_02 WatchKit App.app in Embed Watch Content */,
			);
			name = "Embed Watch Content";
			runOnlyForDeploymentPostprocessing = 0;
		};
/* End PBXCopyFilesBuildPhase section */

/* Begin PBXFileReference section */
		6A270DCB22AA289800363974 /* WatchOS_02.app */ = {isa = PBXFileReference; explicitFileType = wrapper.application; includeInIndex = 0; path = WatchOS_02.app; sourceTree = BUILT_PRODUCTS_DIR; };
		6A270DCE22AA289800363974 /* AppDelegate.swift */ = {isa = PBXFileReference; lastKnownFileType = sourcecode.swift; path = AppDelegate.swift; sourceTree = "<group>"; };
		6A270DD022AA289800363974 /* ViewController.swift */ = {isa = PBXFileReference; lastKnownFileType = sourcecode.swift; path = ViewController.swift; sourceTree = "<group>"; };
		6A270DD322AA289800363974 /* Base */ = {isa = PBXFileReference; lastKnownFileType = file.storyboard; name = Base; path = Base.lproj/Main.storyboard; sourceTree = "<group>"; };
		6A270DD522AA289900363974 /* Assets.xcassets */ = {isa = PBXFileReference; lastKnownFileType = folder.assetcatalog; path = Assets.xcassets; sourceTree = "<group>"; };
		6A270DD822AA289900363974 /* Base */ = {isa = PBXFileReference; lastKnownFileType = file.storyboard; name = Base; path = Base.lproj/LaunchScreen.storyboard; sourceTree = "<group>"; };
		6A270DDA22AA289900363974 /* Info.plist */ = {isa = PBXFileReference; lastKnownFileType = text.plist.xml; path = Info.plist; sourceTree = "<group>"; };
		6A270DDF22AA289900363974 /* WatchOS_02Tests.xctest */ = {isa = PBXFileReference; explicitFileType = wrapper.cfbundle; includeInIndex = 0; path = WatchOS_02Tests.xctest; sourceTree = BUILT_PRODUCTS_DIR; };
		6A270DE322AA289900363974 /* WatchOS_02Tests.swift */ = {isa = PBXFileReference; lastKnownFileType = sourcecode.swift; path = WatchOS_02Tests.swift; sourceTree = "<group>"; };
		6A270DE522AA289900363974 /* Info.plist */ = {isa = PBXFileReference; lastKnownFileType = text.plist.xml; path = Info.plist; sourceTree = "<group>"; };
		6A270DEA22AA289900363974 /* WatchOS_02UITests.xctest */ = {isa = PBXFileReference; explicitFileType = wrapper.cfbundle; includeInIndex = 0; path = WatchOS_02UITests.xctest; sourceTree = BUILT_PRODUCTS_DIR; };
		6A270DEE22AA289900363974 /* WatchOS_02UITests.swift */ = {isa = PBXFileReference; lastKnownFileType = sourcecode.swift; path = WatchOS_02UITests.swift; sourceTree = "<group>"; };
		6A270DF022AA289900363974 /* Info.plist */ = {isa = PBXFileReference; lastKnownFileType = text.plist.xml; path = Info.plist; sourceTree = "<group>"; };
		6A270DF322AA289900363974 /* WatchOS_02 WatchKit App.app */ = {isa = PBXFileReference; explicitFileType = wrapper.application; includeInIndex = 0; path = "WatchOS_02 WatchKit App.app"; sourceTree = BUILT_PRODUCTS_DIR; };
		6A270DF922AA289900363974 /* Base */ = {isa = PBXFileReference; lastKnownFileType = file.storyboard; name = Base; path = Base.lproj/Interface.storyboard; sourceTree = "<group>"; };
		6A270DFB22AA289A00363974 /* Assets.xcassets */ = {isa = PBXFileReference; lastKnownFileType = folder.assetcatalog; path = Assets.xcassets; sourceTree = "<group>"; };
		6A270DFD22AA289A00363974 /* Info.plist */ = {isa = PBXFileReference; lastKnownFileType = text.plist.xml; path = Info.plist; sourceTree = "<group>"; };
		6A270E0222AA289A00363974 /* WatchOS_02 WatchKit Extension.appex */ = {isa = PBXFileReference; explicitFileType = "wrapper.app-extension"; includeInIndex = 0; path = "WatchOS_02 WatchKit Extension.appex"; sourceTree = BUILT_PRODUCTS_DIR; };
		6A270E0722AA289A00363974 /* InterfaceController.swift */ = {isa = PBXFileReference; lastKnownFileType = sourcecode.swift; path = InterfaceController.swift; sourceTree = "<group>"; };
		6A270E0922AA289A00363974 /* ExtensionDelegate.swift */ = {isa = PBXFileReference; lastKnownFileType = sourcecode.swift; path = ExtensionDelegate.swift; sourceTree = "<group>"; };
		6A270E0B22AA289A00363974 /* NotificationController.swift */ = {isa = PBXFileReference; lastKnownFileType = sourcecode.swift; path = NotificationController.swift; sourceTree = "<group>"; };
		6A270E0D22AA289B00363974 /* Assets.xcassets */ = {isa = PBXFileReference; lastKnownFileType = folder.assetcatalog; path = Assets.xcassets; sourceTree = "<group>"; };
		6A270E0F22AA289B00363974 /* Info.plist */ = {isa = PBXFileReference; lastKnownFileType = text.plist.xml; path = Info.plist; sourceTree = "<group>"; };
		6A270E1022AA289B00363974 /* PushNotificationPayload.apns */ = {isa = PBXFileReference; lastKnownFileType = text; path = PushNotificationPayload.apns; sourceTree = "<group>"; };
		6A270E2422AA2AC600363974 /* SecondInterfaceController.swift */ = {isa = PBXFileReference; lastKnownFileType = sourcecode.swift; path = SecondInterfaceController.swift; sourceTree = "<group>"; };
/* End PBXFileReference section */

/* Begin PBXFrameworksBuildPhase section */
		6A270DC822AA289800363974 /* Frameworks */ = {
			isa = PBXFrameworksBuildPhase;
			buildActionMask = 2147483647;
			files = (
			);
			runOnlyForDeploymentPostprocessing = 0;
		};
		6A270DDC22AA289900363974 /* Frameworks */ = {
			isa = PBXFrameworksBuildPhase;
			buildActionMask = 2147483647;
			files = (
			);
			runOnlyForDeploymentPostprocessing = 0;
		};
		6A270DE722AA289900363974 /* Frameworks */ = {
			isa = PBXFrameworksBuildPhase;
			buildActionMask = 2147483647;
			files = (
			);
			runOnlyForDeploymentPostprocessing = 0;
		};
		6A270DFF22AA289A00363974 /* Frameworks */ = {
			isa = PBXFrameworksBuildPhase;
			buildActionMask = 2147483647;
			files = (
			);
			runOnlyForDeploymentPostprocessing = 0;
		};
/* End PBXFrameworksBuildPhase section */

/* Begin PBXGroup section */
		6A270DC222AA289800363974 = {
			isa = PBXGroup;
			children = (
				6A270DCD22AA289800363974 /* WatchOS_02 */,
				6A270DE222AA289900363974 /* WatchOS_02Tests */,
				6A270DED22AA289900363974 /* WatchOS_02UITests */,
				6A270DF722AA289900363974 /* WatchOS_02 WatchKit App */,
				6A270E0622AA289A00363974 /* WatchOS_02 WatchKit Extension */,
				6A270DCC22AA289800363974 /* Products */,
			);
			sourceTree = "<group>";
		};
		6A270DCC22AA289800363974 /* Products */ = {
			isa = PBXGroup;
			children = (
				6A270DCB22AA289800363974 /* WatchOS_02.app */,
				6A270DDF22AA289900363974 /* WatchOS_02Tests.xctest */,
				6A270DEA22AA289900363974 /* WatchOS_02UITests.xctest */,
				6A270DF322AA289900363974 /* WatchOS_02 WatchKit App.app */,
				6A270E0222AA289A00363974 /* WatchOS_02 WatchKit Extension.appex */,
			);
			name = Products;
			sourceTree = "<group>";
		};
		6A270DCD22AA289800363974 /* WatchOS_02 */ = {
			isa = PBXGroup;
			children = (
				6A270DCE22AA289800363974 /* AppDelegate.swift */,
				6A270DD022AA289800363974 /* ViewController.swift */,
				6A270DD222AA289800363974 /* Main.storyboard */,
				6A270DD522AA289900363974 /* Assets.xcassets */,
				6A270DD722AA289900363974 /* LaunchScreen.storyboard */,
				6A270DDA22AA289900363974 /* Info.plist */,
			);
			path = WatchOS_02;
			sourceTree = "<group>";
		};
		6A270DE222AA289900363974 /* WatchOS_02Tests */ = {
			isa = PBXGroup;
			children = (
				6A270DE322AA289900363974 /* WatchOS_02Tests.swift */,
				6A270DE522AA289900363974 /* Info.plist */,
			);
			path = WatchOS_02Tests;
			sourceTree = "<group>";
		};
		6A270DED22AA289900363974 /* WatchOS_02UITests */ = {
			isa = PBXGroup;
			children = (
				6A270DEE22AA289900363974 /* WatchOS_02UITests.swift */,
				6A270DF022AA289900363974 /* Info.plist */,
			);
			path = WatchOS_02UITests;
			sourceTree = "<group>";
		};
		6A270DF722AA289900363974 /* WatchOS_02 WatchKit App */ = {
			isa = PBXGroup;
			children = (
				6A270DF822AA289900363974 /* Interface.storyboard */,
				6A270DFB22AA289A00363974 /* Assets.xcassets */,
				6A270DFD22AA289A00363974 /* Info.plist */,
			);
			path = "WatchOS_02 WatchKit App";
			sourceTree = "<group>";
		};
		6A270E0622AA289A00363974 /* WatchOS_02 WatchKit Extension */ = {
			isa = PBXGroup;
			children = (
				6A270E0722AA289A00363974 /* InterfaceController.swift */,
				6A270E2422AA2AC600363974 /* SecondInterfaceController.swift */,
				6A270E0922AA289A00363974 /* ExtensionDelegate.swift */,
				6A270E0B22AA289A00363974 /* NotificationController.swift */,
				6A270E0D22AA289B00363974 /* Assets.xcassets */,
				6A270E0F22AA289B00363974 /* Info.plist */,
				6A270E1022AA289B00363974 /* PushNotificationPayload.apns */,
			);
			path = "WatchOS_02 WatchKit Extension";
			sourceTree = "<group>";
		};
/* End PBXGroup section */

/* Begin PBXNativeTarget section */
		6A270DCA22AA289800363974 /* WatchOS_02 */ = {
			isa = PBXNativeTarget;
			buildConfigurationList = 6A270E1B22AA289B00363974 /* Build configuration list for PBXNativeTarget "WatchOS_02" */;
			buildPhases = (
				6A270DC722AA289800363974 /* Sources */,
				6A270DC822AA289800363974 /* Frameworks */,
				6A270DC922AA289800363974 /* Resources */,
				6A270E1A22AA289B00363974 /* Embed Watch Content */,
			);
			buildRules = (
			);
			dependencies = (
				6A270DF622AA289900363974 /* PBXTargetDependency */,
			);
			name = WatchOS_02;
			productName = WatchOS_02;
			productReference = 6A270DCB22AA289800363974 /* WatchOS_02.app */;
			productType = "com.apple.product-type.application";
		};
		6A270DDE22AA289900363974 /* WatchOS_02Tests */ = {
			isa = PBXNativeTarget;
			buildConfigurationList = 6A270E1E22AA289B00363974 /* Build configuration list for PBXNativeTarget "WatchOS_02Tests" */;
			buildPhases = (
				6A270DDB22AA289900363974 /* Sources */,
				6A270DDC22AA289900363974 /* Frameworks */,
				6A270DDD22AA289900363974 /* Resources */,
			);
			buildRules = (
			);
			dependencies = (
				6A270DE122AA289900363974 /* PBXTargetDependency */,
			);
			name = WatchOS_02Tests;
			productName = WatchOS_02Tests;
			productReference = 6A270DDF22AA289900363974 /* WatchOS_02Tests.xctest */;
			productType = "com.apple.product-type.bundle.unit-test";
		};
		6A270DE922AA289900363974 /* WatchOS_02UITests */ = {
			isa = PBXNativeTarget;
			buildConfigurationList = 6A270E2122AA289B00363974 /* Build configuration list for PBXNativeTarget "WatchOS_02UITests" */;
			buildPhases = (
				6A270DE622AA289900363974 /* Sources */,
				6A270DE722AA289900363974 /* Frameworks */,
				6A270DE822AA289900363974 /* Resources */,
			);
			buildRules = (
			);
			dependencies = (
				6A270DEC22AA289900363974 /* PBXTargetDependency */,
			);
			name = WatchOS_02UITests;
			productName = WatchOS_02UITests;
			productReference = 6A270DEA22AA289900363974 /* WatchOS_02UITests.xctest */;
			productType = "com.apple.product-type.bundle.ui-testing";
		};
		6A270DF222AA289900363974 /* WatchOS_02 WatchKit App */ = {
			isa = PBXNativeTarget;
			buildConfigurationList = 6A270E1722AA289B00363974 /* Build configuration list for PBXNativeTarget "WatchOS_02 WatchKit App" */;
			buildPhases = (
				6A270DF122AA289900363974 /* Resources */,
				6A270E1622AA289B00363974 /* Embed App Extensions */,
			);
			buildRules = (
			);
			dependencies = (
				6A270E0522AA289A00363974 /* PBXTargetDependency */,
			);
			name = "WatchOS_02 WatchKit App";
			productName = "WatchOS_02 WatchKit App";
			productReference = 6A270DF322AA289900363974 /* WatchOS_02 WatchKit App.app */;
			productType = "com.apple.product-type.application.watchapp2";
		};
		6A270E0122AA289A00363974 /* WatchOS_02 WatchKit Extension */ = {
			isa = PBXNativeTarget;
			buildConfigurationList = 6A270E1322AA289B00363974 /* Build configuration list for PBXNativeTarget "WatchOS_02 WatchKit Extension" */;
			buildPhases = (
				6A270DFE22AA289A00363974 /* Sources */,
				6A270DFF22AA289A00363974 /* Frameworks */,
				6A270E0022AA289A00363974 /* Resources */,
			);
			buildRules = (
			);
			dependencies = (
			);
			name = "WatchOS_02 WatchKit Extension";
			productName = "WatchOS_02 WatchKit Extension";
			productReference = 6A270E0222AA289A00363974 /* WatchOS_02 WatchKit Extension.appex */;
			productType = "com.apple.product-type.watchkit2-extension";
		};
/* End PBXNativeTarget section */

/* Begin PBXProject section */
		6A270DC322AA289800363974 /* Project object */ = {
			isa = PBXProject;
			attributes = {
				LastSwiftUpdateCheck = 1020;
				LastUpgradeCheck = 1020;
				ORGANIZATIONNAME = ll;
				TargetAttributes = {
					6A270DCA22AA289800363974 = {
						CreatedOnToolsVersion = 10.2.1;
					};
					6A270DDE22AA289900363974 = {
						CreatedOnToolsVersion = 10.2.1;
						TestTargetID = 6A270DCA22AA289800363974;
					};
					6A270DE922AA289900363974 = {
						CreatedOnToolsVersion = 10.2.1;
						TestTargetID = 6A270DCA22AA289800363974;
					};
					6A270DF222AA289900363974 = {
						CreatedOnToolsVersion = 10.2.1;
					};
					6A270E0122AA289A00363974 = {
						CreatedOnToolsVersion = 10.2.1;
					};
				};
			};
			buildConfigurationList = 6A270DC622AA289800363974 /* Build configuration list for PBXProject "WatchOS_02" */;
			compatibilityVersion = "Xcode 9.3";
			developmentRegion = en;
			hasScannedForEncodings = 0;
			knownRegions = (
				en,
				Base,
			);
			mainGroup = 6A270DC222AA289800363974;
			productRefGroup = 6A270DCC22AA289800363974 /* Products */;
			projectDirPath = "";
			projectRoot = "";
			targets = (
				6A270DCA22AA289800363974 /* WatchOS_02 */,
				6A270DDE22AA289900363974 /* WatchOS_02Tests */,
				6A270DE922AA289900363974 /* WatchOS_02UITests */,
				6A270DF222AA289900363974 /* WatchOS_02 WatchKit App */,
				6A270E0122AA289A00363974 /* WatchOS_02 WatchKit Extension */,
			);
		};
/* End PBXProject section */

/* Begin PBXResourcesBuildPhase section */
		6A270DC922AA289800363974 /* Resources */ = {
			isa = PBXResourcesBuildPhase;
			buildActionMask = 2147483647;
			files = (
				6A270DD922AA289900363974 /* LaunchScreen.storyboard in Resources */,
				6A270DD622AA289900363974 /* Assets.xcassets in Resources */,
				6A270DD422AA289800363974 /* Main.storyboard in Resources */,
			);
			runOnlyForDeploymentPostprocessing = 0;
		};
		6A270DDD22AA289900363974 /* Resources */ = {
			isa = PBXResourcesBuildPhase;
			buildActionMask = 2147483647;
			files = (
			);
			runOnlyForDeploymentPostprocessing = 0;
		};
		6A270DE822AA289900363974 /* Resources */ = {
			isa = PBXResourcesBuildPhase;
			buildActionMask = 2147483647;
			files = (
			);
			runOnlyForDeploymentPostprocessing = 0;
		};
		6A270DF122AA289900363974 /* Resources */ = {
			isa = PBXResourcesBuildPhase;
			buildActionMask = 2147483647;
			files = (
				6A270DFC22AA289A00363974 /* Assets.xcassets in Resources */,
				6A270DFA22AA289900363974 /* Interface.storyboard in Resources */,
			);
			runOnlyForDeploymentPostprocessing = 0;
		};
		6A270E0022AA289A00363974 /* Resources */ = {
			isa = PBXResourcesBuildPhase;
			buildActionMask = 2147483647;
			files = (
				6A270E0E22AA289B00363974 /* Assets.xcassets in Resources */,
			);
			runOnlyForDeploymentPostprocessing = 0;
		};
/* End PBXResourcesBuildPhase section */

/* Begin PBXSourcesBuildPhase section */
		6A270DC722AA289800363974 /* Sources */ = {
			isa = PBXSourcesBuildPhase;
			buildActionMask = 2147483647;
			files = (
				6A270DD122AA289800363974 /* ViewController.swift in Sources */,
				6A270DCF22AA289800363974 /* AppDelegate.swift in Sources */,
			);
			runOnlyForDeploymentPostprocessing = 0;
		};
		6A270DDB22AA289900363974 /* Sources */ = {
			isa = PBXSourcesBuildPhase;
			buildActionMask = 2147483647;
			files = (
				6A270DE422AA289900363974 /* WatchOS_02Tests.swift in Sources */,
			);
			runOnlyForDeploymentPostprocessing = 0;
		};
		6A270DE622AA289900363974 /* Sources */ = {
			isa = PBXSourcesBuildPhase;
			buildActionMask = 2147483647;
			files = (
				6A270DEF22AA289900363974 /* WatchOS_02UITests.swift in Sources */,
			);
			runOnlyForDeploymentPostprocessing = 0;
		};
		6A270DFE22AA289A00363974 /* Sources */ = {
			isa = PBXSourcesBuildPhase;
			buildActionMask = 2147483647;
			files = (
				6A270E0C22AA289A00363974 /* NotificationController.swift in Sources */,
				6A270E0A22AA289A00363974 /* ExtensionDelegate.swift in Sources */,
				6A270E0822AA289A00363974 /* InterfaceController.swift in Sources */,
				6A270E2522AA2AC600363974 /* SecondInterfaceController.swift in Sources */,
			);
			runOnlyForDeploymentPostprocessing = 0;
		};
/* End PBXSourcesBuildPhase section */

/* Begin PBXTargetDependency section */
		6A270DE122AA289900363974 /* PBXTargetDependency */ = {
			isa = PBXTargetDependency;
			target = 6A270DCA22AA289800363974 /* WatchOS_02 */;
			targetProxy = 6A270DE022AA289900363974 /* PBXContainerItemProxy */;
		};
		6A270DEC22AA289900363974 /* PBXTargetDependency */ = {
			isa = PBXTargetDependency;
			target = 6A270DCA22AA289800363974 /* WatchOS_02 */;
			targetProxy = 6A270DEB22AA289900363974 /* PBXContainerItemProxy */;
		};
		6A270DF622AA289900363974 /* PBXTargetDependency */ = {
			isa = PBXTargetDependency;
			target = 6A270DF222AA289900363974 /* WatchOS_02 WatchKit App */;
			targetProxy = 6A270DF522AA289900363974 /* PBXContainerItemProxy */;
		};
		6A270E0522AA289A00363974 /* PBXTargetDependency */ = {
			isa = PBXTargetDependency;
			target = 6A270E0122AA289A00363974 /* WatchOS_02 WatchKit Extension */;
			targetProxy = 6A270E0422AA289A00363974 /* PBXContainerItemProxy */;
		};
/* End PBXTargetDependency section */

/* Begin PBXVariantGroup section */
		6A270DD222AA289800363974 /* Main.storyboard */ = {
			isa = PBXVariantGroup;
			children = (
				6A270DD322AA289800363974 /* Base */,
			);
			name = Main.storyboard;
			sourceTree = "<group>";
		};
		6A270DD722AA289900363974 /* LaunchScreen.storyboard */ = {
			isa = PBXVariantGroup;
			children = (
				6A270DD822AA289900363974 /* Base */,
			);
			name = LaunchScreen.storyboard;
			sourceTree = "<group>";
		};
		6A270DF822AA289900363974 /* Interface.storyboard */ = {
			isa = PBXVariantGroup;
			children = (
				6A270DF922AA289900363974 /* Base */,
			);
			name = Interface.storyboard;
			sourceTree = "<group>";
		};
/* End PBXVariantGroup section */

/* Begin XCBuildConfiguration section */
		6A270E1122AA289B00363974 /* Debug */ = {
			isa = XCBuildConfiguration;
			buildSettings = {
				ALWAYS_SEARCH_USER_PATHS = NO;
				CLANG_ANALYZER_NONNULL = YES;
				CLANG_ANALYZER_NUMBER_OBJECT_CONVERSION = YES_AGGRESSIVE;
				CLANG_CXX_LANGUAGE_STANDARD = "gnu++14";
				CLANG_CXX_LIBRARY = "libc++";
				CLANG_ENABLE_MODULES = YES;
				CLANG_ENABLE_OBJC_ARC = YES;
				CLANG_ENABLE_OBJC_WEAK = YES;
				CLANG_WARN_BLOCK_CAPTURE_AUTORELEASING = YES;
				CLANG_WARN_BOOL_CONVERSION = YES;
				CLANG_WARN_COMMA = YES;
				CLANG_WARN_CONSTANT_CONVERSION = YES;
				CLANG_WARN_DEPRECATED_OBJC_IMPLEMENTATIONS = YES;
				CLANG_WARN_DIRECT_OBJC_ISA_USAGE = YES_ERROR;
				CLANG_WARN_DOCUMENTATION_COMMENTS = YES;
				CLANG_WARN_EMPTY_BODY = YES;
				CLANG_WARN_ENUM_CONVERSION = YES;
				CLANG_WARN_INFINITE_RECURSION = YES;
				CLANG_WARN_INT_CONVERSION = YES;
				CLANG_WARN_NON_LITERAL_NULL_CONVERSION = YES;
				CLANG_WARN_OBJC_IMPLICIT_RETAIN_SELF = YES;
				CLANG_WARN_OBJC_LITERAL_CONVERSION = YES;
				CLANG_WARN_OBJC_ROOT_CLASS = YES_ERROR;
				CLANG_WARN_RANGE_LOOP_ANALYSIS = YES;
				CLANG_WARN_STRICT_PROTOTYPES = YES;
				CLANG_WARN_SUSPICIOUS_MOVE = YES;
				CLANG_WARN_UNGUARDED_AVAILABILITY = YES_AGGRESSIVE;
				CLANG_WARN_UNREACHABLE_CODE = YES;
				CLANG_WARN__DUPLICATE_METHOD_MATCH = YES;
				CODE_SIGN_IDENTITY = "iPhone Developer";
				COPY_PHASE_STRIP = NO;
				DEBUG_INFORMATION_FORMAT = dwarf;
				ENABLE_STRICT_OBJC_MSGSEND = YES;
				ENABLE_TESTABILITY = YES;
				GCC_C_LANGUAGE_STANDARD = gnu11;
				GCC_DYNAMIC_NO_PIC = NO;
				GCC_NO_COMMON_BLOCKS = YES;
				GCC_OPTIMIZATION_LEVEL = 0;
				GCC_PREPROCESSOR_DEFINITIONS = (
					"DEBUG=1",
					"$(inherited)",
				);
				GCC_WARN_64_TO_32_BIT_CONVERSION = YES;
				GCC_WARN_ABOUT_RETURN_TYPE = YES_ERROR;
				GCC_WARN_UNDECLARED_SELECTOR = YES;
				GCC_WARN_UNINITIALIZED_AUTOS = YES_AGGRESSIVE;
				GCC_WARN_UNUSED_FUNCTION = YES;
				GCC_WARN_UNUSED_VARIABLE = YES;
				IPHONEOS_DEPLOYMENT_TARGET = 12.2;
				MTL_ENABLE_DEBUG_INFO = INCLUDE_SOURCE;
				MTL_FAST_MATH = YES;
				ONLY_ACTIVE_ARCH = YES;
				SDKROOT = iphoneos;
				SWIFT_ACTIVE_COMPILATION_CONDITIONS = DEBUG;
				SWIFT_OPTIMIZATION_LEVEL = "-Onone";
			};
			name = Debug;
		};
		6A270E1222AA289B00363974 /* Release */ = {
			isa = XCBuildConfiguration;
			buildSettings = {
				ALWAYS_SEARCH_USER_PATHS = NO;
				CLANG_ANALYZER_NONNULL = YES;
				CLANG_ANALYZER_NUMBER_OBJECT_CONVERSION = YES_AGGRESSIVE;
				CLANG_CXX_LANGUAGE_STANDARD = "gnu++14";
				CLANG_CXX_LIBRARY = "libc++";
				CLANG_ENABLE_MODULES = YES;
				CLANG_ENABLE_OBJC_ARC = YES;
				CLANG_ENABLE_OBJC_WEAK = YES;
				CLANG_WARN_BLOCK_CAPTURE_AUTORELEASING = YES;
				CLANG_WARN_BOOL_CONVERSION = YES;
				CLANG_WARN_COMMA = YES;
				CLANG_WARN_CONSTANT_CONVERSION = YES;
				CLANG_WARN_DEPRECATED_OBJC_IMPLEMENTATIONS = YES;
				CLANG_WARN_DIRECT_OBJC_ISA_USAGE = YES_ERROR;
				CLANG_WARN_DOCUMENTATION_COMMENTS = YES;
				CLANG_WARN_EMPTY_BODY = YES;
				CLANG_WARN_ENUM_CONVERSION = YES;
				CLANG_WARN_INFINITE_RECURSION = YES;
				CLANG_WARN_INT_CONVERSION = YES;
				CLANG_WARN_NON_LITERAL_NULL_CONVERSION = YES;
				CLANG_WARN_OBJC_IMPLICIT_RETAIN_SELF = YES;
				CLANG_WARN_OBJC_LITERAL_CONVERSION = YES;
				CLANG_WARN_OBJC_ROOT_CLASS = YES_ERROR;
				CLANG_WARN_RANGE_LOOP_ANALYSIS = YES;
				CLANG_WARN_STRICT_PROTOTYPES = YES;
				CLANG_WARN_SUSPICIOUS_MOVE = YES;
				CLANG_WARN_UNGUARDED_AVAILABILITY = YES_AGGRESSIVE;
				CLANG_WARN_UNREACHABLE_CODE = YES;
				CLANG_WARN__DUPLICATE_METHOD_MATCH = YES;
				CODE_SIGN_IDENTITY = "iPhone Developer";
				COPY_PHASE_STRIP = NO;
				DEBUG_INFORMATION_FORMAT = "dwarf-with-dsym";
				ENABLE_NS_ASSERTIONS = NO;
				ENABLE_STRICT_OBJC_MSGSEND = YES;
				GCC_C_LANGUAGE_STANDARD = gnu11;
				GCC_NO_COMMON_BLOCKS = YES;
				GCC_WARN_64_TO_32_BIT_CONVERSION = YES;
				GCC_WARN_ABOUT_RETURN_TYPE = YES_ERROR;
				GCC_WARN_UNDECLARED_SELECTOR = YES;
				GCC_WARN_UNINITIALIZED_AUTOS = YES_AGGRESSIVE;
				GCC_WARN_UNUSED_FUNCTION = YES;
				GCC_WARN_UNUSED_VARIABLE = YES;
				IPHONEOS_DEPLOYMENT_TARGET = 12.2;
				MTL_ENABLE_DEBUG_INFO = NO;
				MTL_FAST_MATH = YES;
				SDKROOT = iphoneos;
				SWIFT_COMPILATION_MODE = wholemodule;
				SWIFT_OPTIMIZATION_LEVEL = "-O";
				VALIDATE_PRODUCT = YES;
			};
			name = Release;
		};
		6A270E1422AA289B00363974 /* Debug */ = {
			isa = XCBuildConfiguration;
			buildSettings = {
				ASSETCATALOG_COMPILER_COMPLICATION_NAME = Complication;
				CODE_SIGN_STYLE = Automatic;
				INFOPLIST_FILE = "WatchOS_02 WatchKit Extension/Info.plist";
				LD_RUNPATH_SEARCH_PATHS = (
					"$(inherited)",
					"@executable_path/Frameworks",
					"@executable_path/../../Frameworks",
				);
				PRODUCT_BUNDLE_IDENTIFIER = "DDDD.WatchOS-02.watchkitapp.watchkitextension";
				PRODUCT_NAME = "${TARGET_NAME}";
				SDKROOT = watchos;
				SKIP_INSTALL = YES;
				SWIFT_VERSION = 5.0;
				TARGETED_DEVICE_FAMILY = 4;
				WATCHOS_DEPLOYMENT_TARGET = 5.2;
			};
			name = Debug;
		};
		6A270E1522AA289B00363974 /* Release */ = {
			isa = XCBuildConfiguration;
			buildSettings = {
				ASSETCATALOG_COMPILER_COMPLICATION_NAME = Complication;
				CODE_SIGN_STYLE = Automatic;
				INFOPLIST_FILE = "WatchOS_02 WatchKit Extension/Info.plist";
				LD_RUNPATH_SEARCH_PATHS = (
					"$(inherited)",
					"@executable_path/Frameworks",
					"@executable_path/../../Frameworks",
				);
				PRODUCT_BUNDLE_IDENTIFIER = "DDDD.WatchOS-02.watchkitapp.watchkitextension";
				PRODUCT_NAME = "${TARGET_NAME}";
				SDKROOT = watchos;
				SKIP_INSTALL = YES;
				SWIFT_VERSION = 5.0;
				TARGETED_DEVICE_FAMILY = 4;
				WATCHOS_DEPLOYMENT_TARGET = 5.2;
			};
			name = Release;
		};
		6A270E1822AA289B00363974 /* Debug */ = {
			isa = XCBuildConfiguration;
			buildSettings = {
				ALWAYS_EMBED_SWIFT_STANDARD_LIBRARIES = YES;
				ASSETCATALOG_COMPILER_APPICON_NAME = AppIcon;
				CODE_SIGN_STYLE = Automatic;
				DEVELOPMENT_TEAM = 9S6T5CVY8R;
				IBSC_MODULE = WatchOS_02_WatchKit_Extension;
				INFOPLIST_FILE = "WatchOS_02 WatchKit App/Info.plist";
				PRODUCT_BUNDLE_IDENTIFIER = "DDDD.WatchOS-02.watchkitapp";
				PRODUCT_NAME = "$(TARGET_NAME)";
				SDKROOT = watchos;
				SKIP_INSTALL = YES;
				SWIFT_VERSION = 5.0;
				TARGETED_DEVICE_FAMILY = 4;
				WATCHOS_DEPLOYMENT_TARGET = 5.2;
			};
			name = Debug;
		};
		6A270E1922AA289B00363974 /* Release */ = {
			isa = XCBuildConfiguration;
			buildSettings = {
				ALWAYS_EMBED_SWIFT_STANDARD_LIBRARIES = YES;
				ASSETCATALOG_COMPILER_APPICON_NAME = AppIcon;
				CODE_SIGN_STYLE = Automatic;
				DEVELOPMENT_TEAM = 9S6T5CVY8R;
				IBSC_MODULE = WatchOS_02_WatchKit_Extension;
				INFOPLIST_FILE = "WatchOS_02 WatchKit App/Info.plist";
				PRODUCT_BUNDLE_IDENTIFIER = "DDDD.WatchOS-02.watchkitapp";
				PRODUCT_NAME = "$(TARGET_NAME)";
				SDKROOT = watchos;
				SKIP_INSTALL = YES;
				SWIFT_VERSION = 5.0;
				TARGETED_DEVICE_FAMILY = 4;
				WATCHOS_DEPLOYMENT_TARGET = 5.2;
			};
			name = Release;
		};
		6A270E1C22AA289B00363974 /* Debug */ = {
			isa = XCBuildConfiguration;
			buildSettings = {
				ASSETCATALOG_COMPILER_APPICON_NAME = AppIcon;
				CODE_SIGN_STYLE = Automatic;
				INFOPLIST_FILE = WatchOS_02/Info.plist;
				LD_RUNPATH_SEARCH_PATHS = (
					"$(inherited)",
					"@executable_path/Frameworks",
				);
				PRODUCT_BUNDLE_IDENTIFIER = "DDDD.WatchOS-02";
				PRODUCT_NAME = "$(TARGET_NAME)";
				SWIFT_VERSION = 5.0;
				TARGETED_DEVICE_FAMILY = "1,2";
			};
			name = Debug;
		};
		6A270E1D22AA289B00363974 /* Release */ = {
			isa = XCBuildConfiguration;
			buildSettings = {
				ASSETCATALOG_COMPILER_APPICON_NAME = AppIcon;
				CODE_SIGN_STYLE = Automatic;
				INFOPLIST_FILE = WatchOS_02/Info.plist;
				LD_RUNPATH_SEARCH_PATHS = (
					"$(inherited)",
					"@executable_path/Frameworks",
				);
				PRODUCT_BUNDLE_IDENTIFIER = "DDDD.WatchOS-02";
				PRODUCT_NAME = "$(TARGET_NAME)";
				SWIFT_VERSION = 5.0;
				TARGETED_DEVICE_FAMILY = "1,2";
			};
			name = Release;
		};
		6A270E1F22AA289B00363974 /* Debug */ = {
			isa = XCBuildConfiguration;
			buildSettings = {
				ALWAYS_EMBED_SWIFT_STANDARD_LIBRARIES = YES;
				BUNDLE_LOADER = "$(TEST_HOST)";
				CODE_SIGN_STYLE = Automatic;
				INFOPLIST_FILE = WatchOS_02Tests/Info.plist;
				LD_RUNPATH_SEARCH_PATHS = (
					"$(inherited)",
					"@executable_path/Frameworks",
					"@loader_path/Frameworks",
				);
				PRODUCT_BUNDLE_IDENTIFIER = "DDDD.WatchOS-02Tests";
				PRODUCT_NAME = "$(TARGET_NAME)";
				SWIFT_VERSION = 5.0;
				TARGETED_DEVICE_FAMILY = "1,2";
				TEST_HOST = "$(BUILT_PRODUCTS_DIR)/WatchOS_02.app/WatchOS_02";
			};
			name = Debug;
		};
		6A270E2022AA289B00363974 /* Release */ = {
			isa = XCBuildConfiguration;
			buildSettings = {
				ALWAYS_EMBED_SWIFT_STANDARD_LIBRARIES = YES;
				BUNDLE_LOADER = "$(TEST_HOST)";
				CODE_SIGN_STYLE = Automatic;
				INFOPLIST_FILE = WatchOS_02Tests/Info.plist;
				LD_RUNPATH_SEARCH_PATHS = (
					"$(inherited)",
					"@executable_path/Frameworks",
					"@loader_path/Frameworks",
				);
				PRODUCT_BUNDLE_IDENTIFIER = "DDDD.WatchOS-02Tests";
				PRODUCT_NAME = "$(TARGET_NAME)";
				SWIFT_VERSION = 5.0;
				TARGETED_DEVICE_FAMILY = "1,2";
				TEST_HOST = "$(BUILT_PRODUCTS_DIR)/WatchOS_02.app/WatchOS_02";
			};
			name = Release;
		};
		6A270E2222AA289B00363974 /* Debug */ = {
			isa = XCBuildConfiguration;
			buildSettings = {
				ALWAYS_EMBED_SWIFT_STANDARD_LIBRARIES = YES;
				CODE_SIGN_STYLE = Automatic;
				INFOPLIST_FILE = WatchOS_02UITests/Info.plist;
				LD_RUNPATH_SEARCH_PATHS = (
					"$(inherited)",
					"@executable_path/Frameworks",
					"@loader_path/Frameworks",
				);
				PRODUCT_BUNDLE_IDENTIFIER = "DDDD.WatchOS-02UITests";
				PRODUCT_NAME = "$(TARGET_NAME)";
				SWIFT_VERSION = 5.0;
				TARGETED_DEVICE_FAMILY = "1,2";
				TEST_TARGET_NAME = WatchOS_02;
			};
			name = Debug;
		};
		6A270E2322AA289B00363974 /* Release */ = {
			isa = XCBuildConfiguration;
			buildSettings = {
				ALWAYS_EMBED_SWIFT_STANDARD_LIBRARIES = YES;
				CODE_SIGN_STYLE = Automatic;
				INFOPLIST_FILE = WatchOS_02UITests/Info.plist;
				LD_RUNPATH_SEARCH_PATHS = (
					"$(inherited)",
					"@executable_path/Frameworks",
					"@loader_path/Frameworks",
				);
				PRODUCT_BUNDLE_IDENTIFIER = "DDDD.WatchOS-02UITests";
				PRODUCT_NAME = "$(TARGET_NAME)";
				SWIFT_VERSION = 5.0;
				TARGETED_DEVICE_FAMILY = "1,2";
				TEST_TARGET_NAME = WatchOS_02;
			};
			name = Release;
		};
/* End XCBuildConfiguration section */

/* Begin XCConfigurationList section */
		6A270DC622AA289800363974 /* Build configuration list for PBXProject "WatchOS_02" */ = {
			isa = XCConfigurationList;
			buildConfigurations = (
				6A270E1122AA289B00363974 /* Debug */,
				6A270E1222AA289B00363974 /* Release */,
			);
			defaultConfigurationIsVisible = 0;
			defaultConfigurationName = Release;
		};
		6A270E1322AA289B00363974 /* Build configuration list for PBXNativeTarget "WatchOS_02 WatchKit Extension" */ = {
			isa = XCConfigurationList;
			buildConfigurations = (
				6A270E1422AA289B00363974 /* Debug */,
				6A270E1522AA289B00363974 /* Release */,
			);
			defaultConfigurationIsVisible = 0;
			defaultConfigurationName = Release;
		};
		6A270E1722AA289B00363974 /* Build configuration list for PBXNativeTarget "WatchOS_02 WatchKit App" */ = {
			isa = XCConfigurationList;
			buildConfigurations = (
				6A270E1822AA289B00363974 /* Debug */,
				6A270E1922AA289B00363974 /* Release */,
			);
			defaultConfigurationIsVisible = 0;
			defaultConfigurationName = Release;
		};
		6A270E1B22AA289B00363974 /* Build configuration list for PBXNativeTarget "WatchOS_02" */ = {
			isa = XCConfigurationList;
			buildConfigurations = (
				6A270E1C22AA289B00363974 /* Debug */,
				6A270E1D22AA289B00363974 /* Release */,
			);
			defaultConfigurationIsVisible = 0;
			defaultConfigurationName = Release;
		};
		6A270E1E22AA289B00363974 /* Build configuration list for PBXNativeTarget "WatchOS_02Tests" */ = {
			isa = XCConfigurationList;
			buildConfigurations = (
				6A270E1F22AA289B00363974 /* Debug */,
				6A270E2022AA289B00363974 /* Release */,
			);
			defaultConfigurationIsVisible = 0;
			defaultConfigurationName = Release;
		};
		6A270E2122AA289B00363974 /* Build configuration list for PBXNativeTarget "WatchOS_02UITests" */ = {
			isa = XCConfigurationList;
			buildConfigurations = (
				6A270E2222AA289B00363974 /* Debug */,
				6A270E2322AA289B00363974 /* Release */,
			);
			defaultConfigurationIsVisible = 0;
			defaultConfigurationName = Release;
		};
/* End XCConfigurationList section */
	};
	rootObject = 6A270DC322AA289800363974 /* Project object */;
}
