// !$*UTF8*$!
{
	archiveVersion = 1;
	classes = {
	};
	objectVersion = 50;
	objects = {

/* Begin PBXBuildFile section */
		6A270D6D22AA161800363974 /* AppDelegate.swift in Sources */ = {isa = PBXBuildFile; fileRef = 6A270D6C22AA161800363974 /* AppDelegate.swift */; };
		6A270D6F22AA161800363974 /* ViewController.swift in Sources */ = {isa = PBXBuildFile; fileRef = 6A270D6E22AA161800363974 /* ViewController.swift */; };
		6A270D7222AA161800363974 /* Main.storyboard in Resources */ = {isa = PBXBuildFile; fileRef = 6A270D7022AA161800363974 /* Main.storyboard */; };
		6A270D7422AA161900363974 /* Assets.xcassets in Resources */ = {isa = PBXBuildFile; fileRef = 6A270D7322AA161900363974 /* Assets.xcassets */; };
		6A270D7722AA161900363974 /* LaunchScreen.storyboard in Resources */ = {isa = PBXBuildFile; fileRef = 6A270D7522AA161900363974 /* LaunchScreen.storyboard */; };
		6A270D8222AA161900363974 /* WatchOS_01Tests.swift in Sources */ = {isa = PBXBuildFile; fileRef = 6A270D8122AA161900363974 /* WatchOS_01Tests.swift */; };
		6A270D8D22AA161900363974 /* WatchOS_01UITests.swift in Sources */ = {isa = PBXBuildFile; fileRef = 6A270D8C22AA161900363974 /* WatchOS_01UITests.swift */; };
		6A270D9222AA161900363974 /* WatchOS_01 WatchKit App.app in Embed Watch Content */ = {isa = PBXBuildFile; fileRef = 6A270D9122AA161900363974 /* WatchOS_01 WatchKit App.app */; };
		6A270D9822AA161900363974 /* Interface.storyboard in Resources */ = {isa = PBXBuildFile; fileRef = 6A270D9622AA161900363974 /* Interface.storyboard */; };
		6A270D9A22AA161A00363974 /* Assets.xcassets in Resources */ = {isa = PBXBuildFile; fileRef = 6A270D9922AA161A00363974 /* Assets.xcassets */; };
		6A270DA122AA161A00363974 /* WatchOS_01 WatchKit Extension.appex in Embed App Extensions */ = {isa = PBXBuildFile; fileRef = 6A270DA022AA161A00363974 /* WatchOS_01 WatchKit Extension.appex */; settings = {ATTRIBUTES = (RemoveHeadersOnCopy, ); }; };
		6A270DA622AA161A00363974 /* InterfaceController.swift in Sources */ = {isa = PBXBuildFile; fileRef = 6A270DA522AA161A00363974 /* InterfaceController.swift */; };
		6A270DA822AA161A00363974 /* ExtensionDelegate.swift in Sources */ = {isa = PBXBuildFile; fileRef = 6A270DA722AA161A00363974 /* ExtensionDelegate.swift */; };
		6A270DAA22AA161A00363974 /* NotificationController.swift in Sources */ = {isa = PBXBuildFile; fileRef = 6A270DA922AA161A00363974 /* NotificationController.swift */; };
		6A270DAC22AA161B00363974 /* Assets.xcassets in Resources */ = {isa = PBXBuildFile; fileRef = 6A270DAB22AA161B00363974 /* Assets.xcassets */; };
/* End PBXBuildFile section */

/* Begin PBXContainerItemProxy section */
		6A270D7E22AA161900363974 /* PBXContainerItemProxy */ = {
			isa = PBXContainerItemProxy;
			containerPortal = 6A270D6122AA161700363974 /* Project object */;
			proxyType = 1;
			remoteGlobalIDString = 6A270D6822AA161800363974;
			remoteInfo = WatchOS_01;
		};
		6A270D8922AA161900363974 /* PBXContainerItemProxy */ = {
			isa = PBXContainerItemProxy;
			containerPortal = 6A270D6122AA161700363974 /* Project object */;
			proxyType = 1;
			remoteGlobalIDString = 6A270D6822AA161800363974;
			remoteInfo = WatchOS_01;
		};
		6A270D9322AA161900363974 /* PBXContainerItemProxy */ = {
			isa = PBXContainerItemProxy;
			containerPortal = 6A270D6122AA161700363974 /* Project object */;
			proxyType = 1;
			remoteGlobalIDString = 6A270D9022AA161900363974;
			remoteInfo = "WatchOS_01 WatchKit App";
		};
		6A270DA222AA161A00363974 /* PBXContainerItemProxy */ = {
			isa = PBXContainerItemProxy;
			containerPortal = 6A270D6122AA161700363974 /* Project object */;
			proxyType = 1;
			remoteGlobalIDString = 6A270D9F22AA161A00363974;
			remoteInfo = "WatchOS_01 WatchKit Extension";
		};
/* End PBXContainerItemProxy section */

/* Begin PBXCopyFilesBuildPhase section */
		6A270DB422AA161B00363974 /* Embed App Extensions */ = {
			isa = PBXCopyFilesBuildPhase;
			buildActionMask = 2147483647;
			dstPath = "";
			dstSubfolderSpec = 13;
			files = (
				6A270DA122AA161A00363974 /* WatchOS_01 WatchKit Extension.appex in Embed App Extensions */,
			);
			name = "Embed App Extensions";
			runOnlyForDeploymentPostprocessing = 0;
		};
		6A270DB822AA161B00363974 /* Embed Watch Content */ = {
			isa = PBXCopyFilesBuildPhase;
			buildActionMask = 2147483647;
			dstPath = "$(CONTENTS_FOLDER_PATH)/Watch";
			dstSubfolderSpec = 16;
			files = (
				6A270D9222AA161900363974 /* WatchOS_01 WatchKit App.app in Embed Watch Content */,
			);
			name = "Embed Watch Content";
			runOnlyForDeploymentPostprocessing = 0;
		};
/* End PBXCopyFilesBuildPhase section */

/* Begin PBXFileReference section */
		6A270D6922AA161800363974 /* WatchOS_01.app */ = {isa = PBXFileReference; explicitFileType = wrapper.application; includeInIndex = 0; path = WatchOS_01.app; sourceTree = BUILT_PRODUCTS_DIR; };
		6A270D6C22AA161800363974 /* AppDelegate.swift */ = {isa = PBXFileReference; lastKnownFileType = sourcecode.swift; path = AppDelegate.swift; sourceTree = "<group>"; };
		6A270D6E22AA161800363974 /* ViewController.swift */ = {isa = PBXFileReference; lastKnownFileType = sourcecode.swift; path = ViewController.swift; sourceTree = "<group>"; };
		6A270D7122AA161800363974 /* Base */ = {isa = PBXFileReference; lastKnownFileType = file.storyboard; name = Base; path = Base.lproj/Main.storyboard; sourceTree = "<group>"; };
		6A270D7322AA161900363974 /* Assets.xcassets */ = {isa = PBXFileReference; lastKnownFileType = folder.assetcatalog; path = Assets.xcassets; sourceTree = "<group>"; };
		6A270D7622AA161900363974 /* Base */ = {isa = PBXFileReference; lastKnownFileType = file.storyboard; name = Base; path = Base.lproj/LaunchScreen.storyboard; sourceTree = "<group>"; };
		6A270D7822AA161900363974 /* Info.plist */ = {isa = PBXFileReference; lastKnownFileType = text.plist.xml; path = Info.plist; sourceTree = "<group>"; };
		6A270D7D22AA161900363974 /* WatchOS_01Tests.xctest */ = {isa = PBXFileReference; explicitFileType = wrapper.cfbundle; includeInIndex = 0; path = WatchOS_01Tests.xctest; sourceTree = BUILT_PRODUCTS_DIR; };
		6A270D8122AA161900363974 /* WatchOS_01Tests.swift */ = {isa = PBXFileReference; lastKnownFileType = sourcecode.swift; path = WatchOS_01Tests.swift; sourceTree = "<group>"; };
		6A270D8322AA161900363974 /* Info.plist */ = {isa = PBXFileReference; lastKnownFileType = text.plist.xml; path = Info.plist; sourceTree = "<group>"; };
		6A270D8822AA161900363974 /* WatchOS_01UITests.xctest */ = {isa = PBXFileReference; explicitFileType = wrapper.cfbundle; includeInIndex = 0; path = WatchOS_01UITests.xctest; sourceTree = BUILT_PRODUCTS_DIR; };
		6A270D8C22AA161900363974 /* WatchOS_01UITests.swift */ = {isa = PBXFileReference; lastKnownFileType = sourcecode.swift; path = WatchOS_01UITests.swift; sourceTree = "<group>"; };
		6A270D8E22AA161900363974 /* Info.plist */ = {isa = PBXFileReference; lastKnownFileType = text.plist.xml; path = Info.plist; sourceTree = "<group>"; };
		6A270D9122AA161900363974 /* WatchOS_01 WatchKit App.app */ = {isa = PBXFileReference; explicitFileType = wrapper.application; includeInIndex = 0; path = "WatchOS_01 WatchKit App.app"; sourceTree = BUILT_PRODUCTS_DIR; };
		6A270D9722AA161900363974 /* Base */ = {isa = PBXFileReference; lastKnownFileType = file.storyboard; name = Base; path = Base.lproj/Interface.storyboard; sourceTree = "<group>"; };
		6A270D9922AA161A00363974 /* Assets.xcassets */ = {isa = PBXFileReference; lastKnownFileType = folder.assetcatalog; path = Assets.xcassets; sourceTree = "<group>"; };
		6A270D9B22AA161A00363974 /* Info.plist */ = {isa = PBXFileReference; lastKnownFileType = text.plist.xml; path = Info.plist; sourceTree = "<group>"; };
		6A270DA022AA161A00363974 /* WatchOS_01 WatchKit Extension.appex */ = {isa = PBXFileReference; explicitFileType = "wrapper.app-extension"; includeInIndex = 0; path = "WatchOS_01 WatchKit Extension.appex"; sourceTree = BUILT_PRODUCTS_DIR; };
		6A270DA522AA161A00363974 /* InterfaceController.swift */ = {isa = PBXFileReference; lastKnownFileType = sourcecode.swift; path = InterfaceController.swift; sourceTree = "<group>"; };
		6A270DA722AA161A00363974 /* ExtensionDelegate.swift */ = {isa = PBXFileReference; lastKnownFileType = sourcecode.swift; path = ExtensionDelegate.swift; sourceTree = "<group>"; };
		6A270DA922AA161A00363974 /* NotificationController.swift */ = {isa = PBXFileReference; lastKnownFileType = sourcecode.swift; path = NotificationController.swift; sourceTree = "<group>"; };
		6A270DAB22AA161B00363974 /* Assets.xcassets */ = {isa = PBXFileReference; lastKnownFileType = folder.assetcatalog; path = Assets.xcassets; sourceTree = "<group>"; };
		6A270DAD22AA161B00363974 /* Info.plist */ = {isa = PBXFileReference; lastKnownFileType = text.plist.xml; path = Info.plist; sourceTree = "<group>"; };
		6A270DAE22AA161B00363974 /* PushNotificationPayload.apns */ = {isa = PBXFileReference; lastKnownFileType = text; path = PushNotificationPayload.apns; sourceTree = "<group>"; };
/* End PBXFileReference section */

/* Begin PBXFrameworksBuildPhase section */
		6A270D6622AA161800363974 /* Frameworks */ = {
			isa = PBXFrameworksBuildPhase;
			buildActionMask = 2147483647;
			files = (
			);
			runOnlyForDeploymentPostprocessing = 0;
		};
		6A270D7A22AA161900363974 /* Frameworks */ = {
			isa = PBXFrameworksBuildPhase;
			buildActionMask = 2147483647;
			files = (
			);
			runOnlyForDeploymentPostprocessing = 0;
		};
		6A270D8522AA161900363974 /* Frameworks */ = {
			isa = PBXFrameworksBuildPhase;
			buildActionMask = 2147483647;
			files = (
			);
			runOnlyForDeploymentPostprocessing = 0;
		};
		6A270D9D22AA161A00363974 /* Frameworks */ = {
			isa = PBXFrameworksBuildPhase;
			buildActionMask = 2147483647;
			files = (
			);
			runOnlyForDeploymentPostprocessing = 0;
		};
/* End PBXFrameworksBuildPhase section */

/* Begin PBXGroup section */
		6A270D6022AA161700363974 = {
			isa = PBXGroup;
			children = (
				6A270D6B22AA161800363974 /* WatchOS_01 */,
				6A270D8022AA161900363974 /* WatchOS_01Tests */,
				6A270D8B22AA161900363974 /* WatchOS_01UITests */,
				6A270D9522AA161900363974 /* WatchOS_01 WatchKit App */,
				6A270DA422AA161A00363974 /* WatchOS_01 WatchKit Extension */,
				6A270D6A22AA161800363974 /* Products */,
			);
			sourceTree = "<group>";
		};
		6A270D6A22AA161800363974 /* Products */ = {
			isa = PBXGroup;
			children = (
				6A270D6922AA161800363974 /* WatchOS_01.app */,
				6A270D7D22AA161900363974 /* WatchOS_01Tests.xctest */,
				6A270D8822AA161900363974 /* WatchOS_01UITests.xctest */,
				6A270D9122AA161900363974 /* WatchOS_01 WatchKit App.app */,
				6A270DA022AA161A00363974 /* WatchOS_01 WatchKit Extension.appex */,
			);
			name = Products;
			sourceTree = "<group>";
		};
		6A270D6B22AA161800363974 /* WatchOS_01 */ = {
			isa = PBXGroup;
			children = (
				6A270D6C22AA161800363974 /* AppDelegate.swift */,
				6A270D6E22AA161800363974 /* ViewController.swift */,
				6A270D7022AA161800363974 /* Main.storyboard */,
				6A270D7322AA161900363974 /* Assets.xcassets */,
				6A270D7522AA161900363974 /* LaunchScreen.storyboard */,
				6A270D7822AA161900363974 /* Info.plist */,
			);
			path = WatchOS_01;
			sourceTree = "<group>";
		};
		6A270D8022AA161900363974 /* WatchOS_01Tests */ = {
			isa = PBXGroup;
			children = (
				6A270D8122AA161900363974 /* WatchOS_01Tests.swift */,
				6A270D8322AA161900363974 /* Info.plist */,
			);
			path = WatchOS_01Tests;
			sourceTree = "<group>";
		};
		6A270D8B22AA161900363974 /* WatchOS_01UITests */ = {
			isa = PBXGroup;
			children = (
				6A270D8C22AA161900363974 /* WatchOS_01UITests.swift */,
				6A270D8E22AA161900363974 /* Info.plist */,
			);
			path = WatchOS_01UITests;
			sourceTree = "<group>";
		};
		6A270D9522AA161900363974 /* WatchOS_01 WatchKit App */ = {
			isa = PBXGroup;
			children = (
				6A270D9622AA161900363974 /* Interface.storyboard */,
				6A270D9922AA161A00363974 /* Assets.xcassets */,
				6A270D9B22AA161A00363974 /* Info.plist */,
			);
			path = "WatchOS_01 WatchKit App";
			sourceTree = "<group>";
		};
		6A270DA422AA161A00363974 /* WatchOS_01 WatchKit Extension */ = {
			isa = PBXGroup;
			children = (
				6A270DA522AA161A00363974 /* InterfaceController.swift */,
				6A270DA722AA161A00363974 /* ExtensionDelegate.swift */,
				6A270DA922AA161A00363974 /* NotificationController.swift */,
				6A270DAB22AA161B00363974 /* Assets.xcassets */,
				6A270DAD22AA161B00363974 /* Info.plist */,
				6A270DAE22AA161B00363974 /* PushNotificationPayload.apns */,
			);
			path = "WatchOS_01 WatchKit Extension";
			sourceTree = "<group>";
		};
/* End PBXGroup section */

/* Begin PBXNativeTarget section */
		6A270D6822AA161800363974 /* WatchOS_01 */ = {
			isa = PBXNativeTarget;
			buildConfigurationList = 6A270DB922AA161B00363974 /* Build configuration list for PBXNativeTarget "WatchOS_01" */;
			buildPhases = (
				6A270D6522AA161800363974 /* Sources */,
				6A270D6622AA161800363974 /* Frameworks */,
				6A270D6722AA161800363974 /* Resources */,
				6A270DB822AA161B00363974 /* Embed Watch Content */,
			);
			buildRules = (
			);
			dependencies = (
				6A270D9422AA161900363974 /* PBXTargetDependency */,
			);
			name = WatchOS_01;
			productName = WatchOS_01;
			productReference = 6A270D6922AA161800363974 /* WatchOS_01.app */;
			productType = "com.apple.product-type.application";
		};
		6A270D7C22AA161900363974 /* WatchOS_01Tests */ = {
			isa = PBXNativeTarget;
			buildConfigurationList = 6A270DBC22AA161B00363974 /* Build configuration list for PBXNativeTarget "WatchOS_01Tests" */;
			buildPhases = (
				6A270D7922AA161900363974 /* Sources */,
				6A270D7A22AA161900363974 /* Frameworks */,
				6A270D7B22AA161900363974 /* Resources */,
			);
			buildRules = (
			);
			dependencies = (
				6A270D7F22AA161900363974 /* PBXTargetDependency */,
			);
			name = WatchOS_01Tests;
			productName = WatchOS_01Tests;
			productReference = 6A270D7D22AA161900363974 /* WatchOS_01Tests.xctest */;
			productType = "com.apple.product-type.bundle.unit-test";
		};
		6A270D8722AA161900363974 /* WatchOS_01UITests */ = {
			isa = PBXNativeTarget;
			buildConfigurationList = 6A270DBF22AA161B00363974 /* Build configuration list for PBXNativeTarget "WatchOS_01UITests" */;
			buildPhases = (
				6A270D8422AA161900363974 /* Sources */,
				6A270D8522AA161900363974 /* Frameworks */,
				6A270D8622AA161900363974 /* Resources */,
			);
			buildRules = (
			);
			dependencies = (
				6A270D8A22AA161900363974 /* PBXTargetDependency */,
			);
			name = WatchOS_01UITests;
			productName = WatchOS_01UITests;
			productReference = 6A270D8822AA161900363974 /* WatchOS_01UITests.xctest */;
			productType = "com.apple.product-type.bundle.ui-testing";
		};
		6A270D9022AA161900363974 /* WatchOS_01 WatchKit App */ = {
			isa = PBXNativeTarget;
			buildConfigurationList = 6A270DB522AA161B00363974 /* Build configuration list for PBXNativeTarget "WatchOS_01 WatchKit App" */;
			buildPhases = (
				6A270D8F22AA161900363974 /* Resources */,
				6A270DB422AA161B00363974 /* Embed App Extensions */,
			);
			buildRules = (
			);
			dependencies = (
				6A270DA322AA161A00363974 /* PBXTargetDependency */,
			);
			name = "WatchOS_01 WatchKit App";
			productName = "WatchOS_01 WatchKit App";
			productReference = 6A270D9122AA161900363974 /* WatchOS_01 WatchKit App.app */;
			productType = "com.apple.product-type.application.watchapp2";
		};
		6A270D9F22AA161A00363974 /* WatchOS_01 WatchKit Extension */ = {
			isa = PBXNativeTarget;
			buildConfigurationList = 6A270DB122AA161B00363974 /* Build configuration list for PBXNativeTarget "WatchOS_01 WatchKit Extension" */;
			buildPhases = (
				6A270D9C22AA161A00363974 /* Sources */,
				6A270D9D22AA161A00363974 /* Frameworks */,
				6A270D9E22AA161A00363974 /* Resources */,
			);
			buildRules = (
			);
			dependencies = (
			);
			name = "WatchOS_01 WatchKit Extension";
			productName = "WatchOS_01 WatchKit Extension";
			productReference = 6A270DA022AA161A00363974 /* WatchOS_01 WatchKit Extension.appex */;
			productType = "com.apple.product-type.watchkit2-extension";
		};
/* End PBXNativeTarget section */

/* Begin PBXProject section */
		6A270D6122AA161700363974 /* Project object */ = {
			isa = PBXProject;
			attributes = {
				LastSwiftUpdateCheck = 1020;
				LastUpgradeCheck = 1020;
				ORGANIZATIONNAME = ll;
				TargetAttributes = {
					6A270D6822AA161800363974 = {
						CreatedOnToolsVersion = 10.2.1;
					};
					6A270D7C22AA161900363974 = {
						CreatedOnToolsVersion = 10.2.1;
						TestTargetID = 6A270D6822AA161800363974;
					};
					6A270D8722AA161900363974 = {
						CreatedOnToolsVersion = 10.2.1;
						TestTargetID = 6A270D6822AA161800363974;
					};
					6A270D9022AA161900363974 = {
						CreatedOnToolsVersion = 10.2.1;
					};
					6A270D9F22AA161A00363974 = {
						CreatedOnToolsVersion = 10.2.1;
					};
				};
			};
			buildConfigurationList = 6A270D6422AA161700363974 /* Build configuration list for PBXProject "WatchOS_01" */;
			compatibilityVersion = "Xcode 9.3";
			developmentRegion = en;
			hasScannedForEncodings = 0;
			knownRegions = (
				en,
				Base,
			);
			mainGroup = 6A270D6022AA161700363974;
			productRefGroup = 6A270D6A22AA161800363974 /* Products */;
			projectDirPath = "";
			projectRoot = "";
			targets = (
				6A270D6822AA161800363974 /* WatchOS_01 */,
				6A270D7C22AA161900363974 /* WatchOS_01Tests */,
				6A270D8722AA161900363974 /* WatchOS_01UITests */,
				6A270D9022AA161900363974 /* WatchOS_01 WatchKit App */,
				6A270D9F22AA161A00363974 /* WatchOS_01 WatchKit Extension */,
			);
		};
/* End PBXProject section */

/* Begin PBXResourcesBuildPhase section */
		6A270D6722AA161800363974 /* Resources */ = {
			isa = PBXResourcesBuildPhase;
			buildActionMask = 2147483647;
			files = (
				6A270D7722AA161900363974 /* LaunchScreen.storyboard in Resources */,
				6A270D7422AA161900363974 /* Assets.xcassets in Resources */,
				6A270D7222AA161800363974 /* Main.storyboard in Resources */,
			);
			runOnlyForDeploymentPostprocessing = 0;
		};
		6A270D7B22AA161900363974 /* Resources */ = {
			isa = PBXResourcesBuildPhase;
			buildActionMask = 2147483647;
			files = (
			);
			runOnlyForDeploymentPostprocessing = 0;
		};
		6A270D8622AA161900363974 /* Resources */ = {
			isa = PBXResourcesBuildPhase;
			buildActionMask = 2147483647;
			files = (
			);
			runOnlyForDeploymentPostprocessing = 0;
		};
		6A270D8F22AA161900363974 /* Resources */ = {
			isa = PBXResourcesBuildPhase;
			buildActionMask = 2147483647;
			files = (
				6A270D9A22AA161A00363974 /* Assets.xcassets in Resources */,
				6A270D9822AA161900363974 /* Interface.storyboard in Resources */,
			);
			runOnlyForDeploymentPostprocessing = 0;
		};
		6A270D9E22AA161A00363974 /* Resources */ = {
			isa = PBXResourcesBuildPhase;
			buildActionMask = 2147483647;
			files = (
				6A270DAC22AA161B00363974 /* Assets.xcassets in Resources */,
			);
			runOnlyForDeploymentPostprocessing = 0;
		};
/* End PBXResourcesBuildPhase section */

/* Begin PBXSourcesBuildPhase section */
		6A270D6522AA161800363974 /* Sources */ = {
			isa = PBXSourcesBuildPhase;
			buildActionMask = 2147483647;
			files = (
				6A270D6F22AA161800363974 /* ViewController.swift in Sources */,
				6A270D6D22AA161800363974 /* AppDelegate.swift in Sources */,
			);
			runOnlyForDeploymentPostprocessing = 0;
		};
		6A270D7922AA161900363974 /* Sources */ = {
			isa = PBXSourcesBuildPhase;
			buildActionMask = 2147483647;
			files = (
				6A270D8222AA161900363974 /* WatchOS_01Tests.swift in Sources */,
			);
			runOnlyForDeploymentPostprocessing = 0;
		};
		6A270D8422AA161900363974 /* Sources */ = {
			isa = PBXSourcesBuildPhase;
			buildActionMask = 2147483647;
			files = (
				6A270D8D22AA161900363974 /* WatchOS_01UITests.swift in Sources */,
			);
			runOnlyForDeploymentPostprocessing = 0;
		};
		6A270D9C22AA161A00363974 /* Sources */ = {
			isa = PBXSourcesBuildPhase;
			buildActionMask = 2147483647;
			files = (
				6A270DAA22AA161A00363974 /* NotificationController.swift in Sources */,
				6A270DA822AA161A00363974 /* ExtensionDelegate.swift in Sources */,
				6A270DA622AA161A00363974 /* InterfaceController.swift in Sources */,
			);
			runOnlyForDeploymentPostprocessing = 0;
		};
/* End PBXSourcesBuildPhase section */

/* Begin PBXTargetDependency section */
		6A270D7F22AA161900363974 /* PBXTargetDependency */ = {
			isa = PBXTargetDependency;
			target = 6A270D6822AA161800363974 /* WatchOS_01 */;
			targetProxy = 6A270D7E22AA161900363974 /* PBXContainerItemProxy */;
		};
		6A270D8A22AA161900363974 /* PBXTargetDependency */ = {
			isa = PBXTargetDependency;
			target = 6A270D6822AA161800363974 /* WatchOS_01 */;
			targetProxy = 6A270D8922AA161900363974 /* PBXContainerItemProxy */;
		};
		6A270D9422AA161900363974 /* PBXTargetDependency */ = {
			isa = PBXTargetDependency;
			target = 6A270D9022AA161900363974 /* WatchOS_01 WatchKit App */;
			targetProxy = 6A270D9322AA161900363974 /* PBXContainerItemProxy */;
		};
		6A270DA322AA161A00363974 /* PBXTargetDependency */ = {
			isa = PBXTargetDependency;
			target = 6A270D9F22AA161A00363974 /* WatchOS_01 WatchKit Extension */;
			targetProxy = 6A270DA222AA161A00363974 /* PBXContainerItemProxy */;
		};
/* End PBXTargetDependency section */

/* Begin PBXVariantGroup section */
		6A270D7022AA161800363974 /* Main.storyboard */ = {
			isa = PBXVariantGroup;
			children = (
				6A270D7122AA161800363974 /* Base */,
			);
			name = Main.storyboard;
			sourceTree = "<group>";
		};
		6A270D7522AA161900363974 /* LaunchScreen.storyboard */ = {
			isa = PBXVariantGroup;
			children = (
				6A270D7622AA161900363974 /* Base */,
			);
			name = LaunchScreen.storyboard;
			sourceTree = "<group>";
		};
		6A270D9622AA161900363974 /* Interface.storyboard */ = {
			isa = PBXVariantGroup;
			children = (
				6A270D9722AA161900363974 /* Base */,
			);
			name = Interface.storyboard;
			sourceTree = "<group>";
		};
/* End PBXVariantGroup section */

/* Begin XCBuildConfiguration section */
		6A270DAF22AA161B00363974 /* Debug */ = {
			isa = XCBuildConfiguration;
			buildSettings = {
				ALWAYS_SEARCH_USER_PATHS = NO;
				CLANG_ANALYZER_NONNULL = YES;
				CLANG_ANALYZER_NUMBER_OBJECT_CONVERSION = YES_AGGRESSIVE;
				CLANG_CXX_LANGUAGE_STANDARD = "gnu++14";
				CLANG_CXX_LIBRARY = "libc++";
				CLANG_ENABLE_MODULES = YES;
				CLANG_ENABLE_OBJC_ARC = YES;
				CLANG_ENABLE_OBJC_WEAK = YES;
				CLANG_WARN_BLOCK_CAPTURE_AUTORELEASING = YES;
				CLANG_WARN_BOOL_CONVERSION = YES;
				CLANG_WARN_COMMA = YES;
				CLANG_WARN_CONSTANT_CONVERSION = YES;
				CLANG_WARN_DEPRECATED_OBJC_IMPLEMENTATIONS = YES;
				CLANG_WARN_DIRECT_OBJC_ISA_USAGE = YES_ERROR;
				CLANG_WARN_DOCUMENTATION_COMMENTS = YES;
				CLANG_WARN_EMPTY_BODY = YES;
				CLANG_WARN_ENUM_CONVERSION = YES;
				CLANG_WARN_INFINITE_RECURSION = YES;
				CLANG_WARN_INT_CONVERSION = YES;
				CLANG_WARN_NON_LITERAL_NULL_CONVERSION = YES;
				CLANG_WARN_OBJC_IMPLICIT_RETAIN_SELF = YES;
				CLANG_WARN_OBJC_LITERAL_CONVERSION = YES;
				CLANG_WARN_OBJC_ROOT_CLASS = YES_ERROR;
				CLANG_WARN_RANGE_LOOP_ANALYSIS = YES;
				CLANG_WARN_STRICT_PROTOTYPES = YES;
				CLANG_WARN_SUSPICIOUS_MOVE = YES;
				CLANG_WARN_UNGUARDED_AVAILABILITY = YES_AGGRESSIVE;
				CLANG_WARN_UNREACHABLE_CODE = YES;
				CLANG_WARN__DUPLICATE_METHOD_MATCH = YES;
				CODE_SIGN_IDENTITY = "iPhone Developer";
				COPY_PHASE_STRIP = NO;
				DEBUG_INFORMATION_FORMAT = dwarf;
				ENABLE_STRICT_OBJC_MSGSEND = YES;
				ENABLE_TESTABILITY = YES;
				GCC_C_LANGUAGE_STANDARD = gnu11;
				GCC_DYNAMIC_NO_PIC = NO;
				GCC_NO_COMMON_BLOCKS = YES;
				GCC_OPTIMIZATION_LEVEL = 0;
				GCC_PREPROCESSOR_DEFINITIONS = (
					"DEBUG=1",
					"$(inherited)",
				);
				GCC_WARN_64_TO_32_BIT_CONVERSION = YES;
				GCC_WARN_ABOUT_RETURN_TYPE = YES_ERROR;
				GCC_WARN_UNDECLARED_SELECTOR = YES;
				GCC_WARN_UNINITIALIZED_AUTOS = YES_AGGRESSIVE;
				GCC_WARN_UNUSED_FUNCTION = YES;
				GCC_WARN_UNUSED_VARIABLE = YES;
				IPHONEOS_DEPLOYMENT_TARGET = 12.2;
				MTL_ENABLE_DEBUG_INFO = INCLUDE_SOURCE;
				MTL_FAST_MATH = YES;
				ONLY_ACTIVE_ARCH = YES;
				SDKROOT = iphoneos;
				SWIFT_ACTIVE_COMPILATION_CONDITIONS = DEBUG;
				SWIFT_OPTIMIZATION_LEVEL = "-Onone";
			};
			name = Debug;
		};
		6A270DB022AA161B00363974 /* Release */ = {
			isa = XCBuildConfiguration;
			buildSettings = {
				ALWAYS_SEARCH_USER_PATHS = NO;
				CLANG_ANALYZER_NONNULL = YES;
				CLANG_ANALYZER_NUMBER_OBJECT_CONVERSION = YES_AGGRESSIVE;
				CLANG_CXX_LANGUAGE_STANDARD = "gnu++14";
				CLANG_CXX_LIBRARY = "libc++";
				CLANG_ENABLE_MODULES = YES;
				CLANG_ENABLE_OBJC_ARC = YES;
				CLANG_ENABLE_OBJC_WEAK = YES;
				CLANG_WARN_BLOCK_CAPTURE_AUTORELEASING = YES;
				CLANG_WARN_BOOL_CONVERSION = YES;
				CLANG_WARN_COMMA = YES;
				CLANG_WARN_CONSTANT_CONVERSION = YES;
				CLANG_WARN_DEPRECATED_OBJC_IMPLEMENTATIONS = YES;
				CLANG_WARN_DIRECT_OBJC_ISA_USAGE = YES_ERROR;
				CLANG_WARN_DOCUMENTATION_COMMENTS = YES;
				CLANG_WARN_EMPTY_BODY = YES;
				CLANG_WARN_ENUM_CONVERSION = YES;
				CLANG_WARN_INFINITE_RECURSION = YES;
				CLANG_WARN_INT_CONVERSION = YES;
				CLANG_WARN_NON_LITERAL_NULL_CONVERSION = YES;
				CLANG_WARN_OBJC_IMPLICIT_RETAIN_SELF = YES;
				CLANG_WARN_OBJC_LITERAL_CONVERSION = YES;
				CLANG_WARN_OBJC_ROOT_CLASS = YES_ERROR;
				CLANG_WARN_RANGE_LOOP_ANALYSIS = YES;
				CLANG_WARN_STRICT_PROTOTYPES = YES;
				CLANG_WARN_SUSPICIOUS_MOVE = YES;
				CLANG_WARN_UNGUARDED_AVAILABILITY = YES_AGGRESSIVE;
				CLANG_WARN_UNREACHABLE_CODE = YES;
				CLANG_WARN__DUPLICATE_METHOD_MATCH = YES;
				CODE_SIGN_IDENTITY = "iPhone Developer";
				COPY_PHASE_STRIP = NO;
				DEBUG_INFORMATION_FORMAT = "dwarf-with-dsym";
				ENABLE_NS_ASSERTIONS = NO;
				ENABLE_STRICT_OBJC_MSGSEND = YES;
				GCC_C_LANGUAGE_STANDARD = gnu11;
				GCC_NO_COMMON_BLOCKS = YES;
				GCC_WARN_64_TO_32_BIT_CONVERSION = YES;
				GCC_WARN_ABOUT_RETURN_TYPE = YES_ERROR;
				GCC_WARN_UNDECLARED_SELECTOR = YES;
				GCC_WARN_UNINITIALIZED_AUTOS = YES_AGGRESSIVE;
				GCC_WARN_UNUSED_FUNCTION = YES;
				GCC_WARN_UNUSED_VARIABLE = YES;
				IPHONEOS_DEPLOYMENT_TARGET = 12.2;
				MTL_ENABLE_DEBUG_INFO = NO;
				MTL_FAST_MATH = YES;
				SDKROOT = iphoneos;
				SWIFT_COMPILATION_MODE = wholemodule;
				SWIFT_OPTIMIZATION_LEVEL = "-O";
				VALIDATE_PRODUCT = YES;
			};
			name = Release;
		};
		6A270DB222AA161B00363974 /* Debug */ = {
			isa = XCBuildConfiguration;
			buildSettings = {
				ASSETCATALOG_COMPILER_COMPLICATION_NAME = Complication;
				CODE_SIGN_STYLE = Automatic;
				INFOPLIST_FILE = "WatchOS_01 WatchKit Extension/Info.plist";
				LD_RUNPATH_SEARCH_PATHS = (
					"$(inherited)",
					"@executable_path/Frameworks",
					"@executable_path/../../Frameworks",
				);
				PRODUCT_BUNDLE_IDENTIFIER = "DDDD.WatchOS-01.watchkitapp.watchkitextension";
				PRODUCT_NAME = "${TARGET_NAME}";
				SDKROOT = watchos;
				SKIP_INSTALL = YES;
				SWIFT_VERSION = 5.0;
				TARGETED_DEVICE_FAMILY = 4;
				WATCHOS_DEPLOYMENT_TARGET = 5.2;
			};
			name = Debug;
		};
		6A270DB322AA161B00363974 /* Release */ = {
			isa = XCBuildConfiguration;
			buildSettings = {
				ASSETCATALOG_COMPILER_COMPLICATION_NAME = Complication;
				CODE_SIGN_STYLE = Automatic;
				INFOPLIST_FILE = "WatchOS_01 WatchKit Extension/Info.plist";
				LD_RUNPATH_SEARCH_PATHS = (
					"$(inherited)",
					"@executable_path/Frameworks",
					"@executable_path/../../Frameworks",
				);
				PRODUCT_BUNDLE_IDENTIFIER = "DDDD.WatchOS-01.watchkitapp.watchkitextension";
				PRODUCT_NAME = "${TARGET_NAME}";
				SDKROOT = watchos;
				SKIP_INSTALL = YES;
				SWIFT_VERSION = 5.0;
				TARGETED_DEVICE_FAMILY = 4;
				WATCHOS_DEPLOYMENT_TARGET = 5.2;
			};
			name = Release;
		};
		6A270DB622AA161B00363974 /* Debug */ = {
			isa = XCBuildConfiguration;
			buildSettings = {
				ALWAYS_EMBED_SWIFT_STANDARD_LIBRARIES = YES;
				ASSETCATALOG_COMPILER_APPICON_NAME = AppIcon;
				CODE_SIGN_STYLE = Automatic;
				IBSC_MODULE = WatchOS_01_WatchKit_Extension;
				INFOPLIST_FILE = "WatchOS_01 WatchKit App/Info.plist";
				PRODUCT_BUNDLE_IDENTIFIER = "DDDD.WatchOS-01.watchkitapp";
				PRODUCT_NAME = "$(TARGET_NAME)";
				SDKROOT = watchos;
				SKIP_INSTALL = YES;
				SWIFT_VERSION = 5.0;
				TARGETED_DEVICE_FAMILY = 4;
				WATCHOS_DEPLOYMENT_TARGET = 5.2;
			};
			name = Debug;
		};
		6A270DB722AA161B00363974 /* Release */ = {
			isa = XCBuildConfiguration;
			buildSettings = {
				ALWAYS_EMBED_SWIFT_STANDARD_LIBRARIES = YES;
				ASSETCATALOG_COMPILER_APPICON_NAME = AppIcon;
				CODE_SIGN_STYLE = Automatic;
				IBSC_MODULE = WatchOS_01_WatchKit_Extension;
				INFOPLIST_FILE = "WatchOS_01 WatchKit App/Info.plist";
				PRODUCT_BUNDLE_IDENTIFIER = "DDDD.WatchOS-01.watchkitapp";
				PRODUCT_NAME = "$(TARGET_NAME)";
				SDKROOT = watchos;
				SKIP_INSTALL = YES;
				SWIFT_VERSION = 5.0;
				TARGETED_DEVICE_FAMILY = 4;
				WATCHOS_DEPLOYMENT_TARGET = 5.2;
			};
			name = Release;
		};
		6A270DBA22AA161B00363974 /* Debug */ = {
			isa = XCBuildConfiguration;
			buildSettings = {
				ASSETCATALOG_COMPILER_APPICON_NAME = AppIcon;
				CODE_SIGN_STYLE = Automatic;
				INFOPLIST_FILE = WatchOS_01/Info.plist;
				LD_RUNPATH_SEARCH_PATHS = (
					"$(inherited)",
					"@executable_path/Frameworks",
				);
				PRODUCT_BUNDLE_IDENTIFIER = "DDDD.WatchOS-01";
				PRODUCT_NAME = "$(TARGET_NAME)";
				SWIFT_VERSION = 5.0;
				TARGETED_DEVICE_FAMILY = "1,2";
			};
			name = Debug;
		};
		6A270DBB22AA161B00363974 /* Release */ = {
			isa = XCBuildConfiguration;
			buildSettings = {
				ASSETCATALOG_COMPILER_APPICON_NAME = AppIcon;
				CODE_SIGN_STYLE = Automatic;
				INFOPLIST_FILE = WatchOS_01/Info.plist;
				LD_RUNPATH_SEARCH_PATHS = (
					"$(inherited)",
					"@executable_path/Frameworks",
				);
				PRODUCT_BUNDLE_IDENTIFIER = "DDDD.WatchOS-01";
				PRODUCT_NAME = "$(TARGET_NAME)";
				SWIFT_VERSION = 5.0;
				TARGETED_DEVICE_FAMILY = "1,2";
			};
			name = Release;
		};
		6A270DBD22AA161B00363974 /* Debug */ = {
			isa = XCBuildConfiguration;
			buildSettings = {
				ALWAYS_EMBED_SWIFT_STANDARD_LIBRARIES = YES;
				BUNDLE_LOADER = "$(TEST_HOST)";
				CODE_SIGN_STYLE = Automatic;
				INFOPLIST_FILE = WatchOS_01Tests/Info.plist;
				LD_RUNPATH_SEARCH_PATHS = (
					"$(inherited)",
					"@executable_path/Frameworks",
					"@loader_path/Frameworks",
				);
				PRODUCT_BUNDLE_IDENTIFIER = "DDDD.WatchOS-01Tests";
				PRODUCT_NAME = "$(TARGET_NAME)";
				SWIFT_VERSION = 5.0;
				TARGETED_DEVICE_FAMILY = "1,2";
				TEST_HOST = "$(BUILT_PRODUCTS_DIR)/WatchOS_01.app/WatchOS_01";
			};
			name = Debug;
		};
		6A270DBE22AA161B00363974 /* Release */ = {
			isa = XCBuildConfiguration;
			buildSettings = {
				ALWAYS_EMBED_SWIFT_STANDARD_LIBRARIES = YES;
				BUNDLE_LOADER = "$(TEST_HOST)";
				CODE_SIGN_STYLE = Automatic;
				INFOPLIST_FILE = WatchOS_01Tests/Info.plist;
				LD_RUNPATH_SEARCH_PATHS = (
					"$(inherited)",
					"@executable_path/Frameworks",
					"@loader_path/Frameworks",
				);
				PRODUCT_BUNDLE_IDENTIFIER = "DDDD.WatchOS-01Tests";
				PRODUCT_NAME = "$(TARGET_NAME)";
				SWIFT_VERSION = 5.0;
				TARGETED_DEVICE_FAMILY = "1,2";
				TEST_HOST = "$(BUILT_PRODUCTS_DIR)/WatchOS_01.app/WatchOS_01";
			};
			name = Release;
		};
		6A270DC022AA161B00363974 /* Debug */ = {
			isa = XCBuildConfiguration;
			buildSettings = {
				ALWAYS_EMBED_SWIFT_STANDARD_LIBRARIES = YES;
				CODE_SIGN_STYLE = Automatic;
				INFOPLIST_FILE = WatchOS_01UITests/Info.plist;
				LD_RUNPATH_SEARCH_PATHS = (
					"$(inherited)",
					"@executable_path/Frameworks",
					"@loader_path/Frameworks",
				);
				PRODUCT_BUNDLE_IDENTIFIER = "DDDD.WatchOS-01UITests";
				PRODUCT_NAME = "$(TARGET_NAME)";
				SWIFT_VERSION = 5.0;
				TARGETED_DEVICE_FAMILY = "1,2";
				TEST_TARGET_NAME = WatchOS_01;
			};
			name = Debug;
		};
		6A270DC122AA161B00363974 /* Release */ = {
			isa = XCBuildConfiguration;
			buildSettings = {
				ALWAYS_EMBED_SWIFT_STANDARD_LIBRARIES = YES;
				CODE_SIGN_STYLE = Automatic;
				INFOPLIST_FILE = WatchOS_01UITests/Info.plist;
				LD_RUNPATH_SEARCH_PATHS = (
					"$(inherited)",
					"@executable_path/Frameworks",
					"@loader_path/Frameworks",
				);
				PRODUCT_BUNDLE_IDENTIFIER = "DDDD.WatchOS-01UITests";
				PRODUCT_NAME = "$(TARGET_NAME)";
				SWIFT_VERSION = 5.0;
				TARGETED_DEVICE_FAMILY = "1,2";
				TEST_TARGET_NAME = WatchOS_01;
			};
			name = Release;
		};
/* End XCBuildConfiguration section */

/* Begin XCConfigurationList section */
		6A270D6422AA161700363974 /* Build configuration list for PBXProject "WatchOS_01" */ = {
			isa = XCConfigurationList;
			buildConfigurations = (
				6A270DAF22AA161B00363974 /* Debug */,
				6A270DB022AA161B00363974 /* Release */,
			);
			defaultConfigurationIsVisible = 0;
			defaultConfigurationName = Release;
		};
		6A270DB122AA161B00363974 /* Build configuration list for PBXNativeTarget "WatchOS_01 WatchKit Extension" */ = {
			isa = XCConfigurationList;
			buildConfigurations = (
				6A270DB222AA161B00363974 /* Debug */,
				6A270DB322AA161B00363974 /* Release */,
			);
			defaultConfigurationIsVisible = 0;
			defaultConfigurationName = Release;
		};
		6A270DB522AA161B00363974 /* Build configuration list for PBXNativeTarget "WatchOS_01 WatchKit App" */ = {
			isa = XCConfigurationList;
			buildConfigurations = (
				6A270DB622AA161B00363974 /* Debug */,
				6A270DB722AA161B00363974 /* Release */,
			);
			defaultConfigurationIsVisible = 0;
			defaultConfigurationName = Release;
		};
		6A270DB922AA161B00363974 /* Build configuration list for PBXNativeTarget "WatchOS_01" */ = {
			isa = XCConfigurationList;
			buildConfigurations = (
				6A270DBA22AA161B00363974 /* Debug */,
				6A270DBB22AA161B00363974 /* Release */,
			);
			defaultConfigurationIsVisible = 0;
			defaultConfigurationName = Release;
		};
		6A270DBC22AA161B00363974 /* Build configuration list for PBXNativeTarget "WatchOS_01Tests" */ = {
			isa = XCConfigurationList;
			buildConfigurations = (
				6A270DBD22AA161B00363974 /* Debug */,
				6A270DBE22AA161B00363974 /* Release */,
			);
			defaultConfigurationIsVisible = 0;
			defaultConfigurationName = Release;
		};
		6A270DBF22AA161B00363974 /* Build configuration list for PBXNativeTarget "WatchOS_01UITests" */ = {
			isa = XCConfigurationList;
			buildConfigurations = (
				6A270DC022AA161B00363974 /* Debug */,
				6A270DC122AA161B00363974 /* Release */,
			);
			defaultConfigurationIsVisible = 0;
			defaultConfigurationName = Release;
		};
/* End XCConfigurationList section */
	};
	rootObject = 6A270D6122AA161700363974 /* Project object */;
}
