// !$*UTF8*$!
{
	archiveVersion = 1;
	classes = {
	};
	objectVersion = 50;
	objects = {

/* Begin PBXBuildFile section */
		6A04C9B522AA40F200DFA630 /* AppDelegate.swift in Sources */ = {isa = PBXBuildFile; fileRef = 6A04C9B422AA40F200DFA630 /* AppDelegate.swift */; };
		6A04C9B722AA40F200DFA630 /* ViewController.swift in Sources */ = {isa = PBXBuildFile; fileRef = 6A04C9B622AA40F200DFA630 /* ViewController.swift */; };
		6A04C9BA22AA40F200DFA630 /* Main.storyboard in Resources */ = {isa = PBXBuildFile; fileRef = 6A04C9B822AA40F200DFA630 /* Main.storyboard */; };
		6A04C9BC22AA40F300DFA630 /* Assets.xcassets in Resources */ = {isa = PBXBuildFile; fileRef = 6A04C9BB22AA40F300DFA630 /* Assets.xcassets */; };
		6A04C9BF22AA40F300DFA630 /* LaunchScreen.storyboard in Resources */ = {isa = PBXBuildFile; fileRef = 6A04C9BD22AA40F300DFA630 /* LaunchScreen.storyboard */; };
		6A04C9CA22AA40F300DFA630 /* WatchOS_4Tests.swift in Sources */ = {isa = PBXBuildFile; fileRef = 6A04C9C922AA40F300DFA630 /* WatchOS_4Tests.swift */; };
		6A04C9D522AA40F300DFA630 /* WatchOS_4UITests.swift in Sources */ = {isa = PBXBuildFile; fileRef = 6A04C9D422AA40F300DFA630 /* WatchOS_4UITests.swift */; };
		6A04C9DA22AA40F300DFA630 /* WatchOS_4 WatchKit App.app in Embed Watch Content */ = {isa = PBXBuildFile; fileRef = 6A04C9D922AA40F300DFA630 /* WatchOS_4 WatchKit App.app */; };
		6A04C9E022AA40F300DFA630 /* Interface.storyboard in Resources */ = {isa = PBXBuildFile; fileRef = 6A04C9DE22AA40F300DFA630 /* Interface.storyboard */; };
		6A04C9E222AA40F400DFA630 /* Assets.xcassets in Resources */ = {isa = PBXBuildFile; fileRef = 6A04C9E122AA40F400DFA630 /* Assets.xcassets */; };
		6A04C9E922AA40F400DFA630 /* WatchOS_4 WatchKit Extension.appex in Embed App Extensions */ = {isa = PBXBuildFile; fileRef = 6A04C9E822AA40F400DFA630 /* WatchOS_4 WatchKit Extension.appex */; settings = {ATTRIBUTES = (RemoveHeadersOnCopy, ); }; };
		6A04C9EE22AA40F400DFA630 /* InterfaceController.swift in Sources */ = {isa = PBXBuildFile; fileRef = 6A04C9ED22AA40F400DFA630 /* InterfaceController.swift */; };
		6A04C9F022AA40F400DFA630 /* ExtensionDelegate.swift in Sources */ = {isa = PBXBuildFile; fileRef = 6A04C9EF22AA40F400DFA630 /* ExtensionDelegate.swift */; };
		6A04C9F222AA40F400DFA630 /* NotificationController.swift in Sources */ = {isa = PBXBuildFile; fileRef = 6A04C9F122AA40F400DFA630 /* NotificationController.swift */; };
		6A04C9F422AA40F400DFA630 /* Assets.xcassets in Resources */ = {isa = PBXBuildFile; fileRef = 6A04C9F322AA40F400DFA630 /* Assets.xcassets */; };
/* End PBXBuildFile section */

/* Begin PBXContainerItemProxy section */
		6A04C9C622AA40F300DFA630 /* PBXContainerItemProxy */ = {
			isa = PBXContainerItemProxy;
			containerPortal = 6A04C9A922AA40F200DFA630 /* Project object */;
			proxyType = 1;
			remoteGlobalIDString = 6A04C9B022AA40F200DFA630;
			remoteInfo = WatchOS_4;
		};
		6A04C9D122AA40F300DFA630 /* PBXContainerItemProxy */ = {
			isa = PBXContainerItemProxy;
			containerPortal = 6A04C9A922AA40F200DFA630 /* Project object */;
			proxyType = 1;
			remoteGlobalIDString = 6A04C9B022AA40F200DFA630;
			remoteInfo = WatchOS_4;
		};
		6A04C9DB22AA40F300DFA630 /* PBXContainerItemProxy */ = {
			isa = PBXContainerItemProxy;
			containerPortal = 6A04C9A922AA40F200DFA630 /* Project object */;
			proxyType = 1;
			remoteGlobalIDString = 6A04C9D822AA40F300DFA630;
			remoteInfo = "WatchOS_4 WatchKit App";
		};
		6A04C9EA22AA40F400DFA630 /* PBXContainerItemProxy */ = {
			isa = PBXContainerItemProxy;
			containerPortal = 6A04C9A922AA40F200DFA630 /* Project object */;
			proxyType = 1;
			remoteGlobalIDString = 6A04C9E722AA40F400DFA630;
			remoteInfo = "WatchOS_4 WatchKit Extension";
		};
/* End PBXContainerItemProxy section */

/* Begin PBXCopyFilesBuildPhase section */
		6A04C9FC22AA40F400DFA630 /* Embed App Extensions */ = {
			isa = PBXCopyFilesBuildPhase;
			buildActionMask = 2147483647;
			dstPath = "";
			dstSubfolderSpec = 13;
			files = (
				6A04C9E922AA40F400DFA630 /* WatchOS_4 WatchKit Extension.appex in Embed App Extensions */,
			);
			name = "Embed App Extensions";
			runOnlyForDeploymentPostprocessing = 0;
		};
		6A04CA0022AA40F400DFA630 /* Embed Watch Content */ = {
			isa = PBXCopyFilesBuildPhase;
			buildActionMask = 2147483647;
			dstPath = "$(CONTENTS_FOLDER_PATH)/Watch";
			dstSubfolderSpec = 16;
			files = (
				6A04C9DA22AA40F300DFA630 /* WatchOS_4 WatchKit App.app in Embed Watch Content */,
			);
			name = "Embed Watch Content";
			runOnlyForDeploymentPostprocessing = 0;
		};
/* End PBXCopyFilesBuildPhase section */

/* Begin PBXFileReference section */
		6A04C9B122AA40F200DFA630 /* WatchOS_4.app */ = {isa = PBXFileReference; explicitFileType = wrapper.application; includeInIndex = 0; path = WatchOS_4.app; sourceTree = BUILT_PRODUCTS_DIR; };
		6A04C9B422AA40F200DFA630 /* AppDelegate.swift */ = {isa = PBXFileReference; lastKnownFileType = sourcecode.swift; path = AppDelegate.swift; sourceTree = "<group>"; };
		6A04C9B622AA40F200DFA630 /* ViewController.swift */ = {isa = PBXFileReference; lastKnownFileType = sourcecode.swift; path = ViewController.swift; sourceTree = "<group>"; };
		6A04C9B922AA40F200DFA630 /* Base */ = {isa = PBXFileReference; lastKnownFileType = file.storyboard; name = Base; path = Base.lproj/Main.storyboard; sourceTree = "<group>"; };
		6A04C9BB22AA40F300DFA630 /* Assets.xcassets */ = {isa = PBXFileReference; lastKnownFileType = folder.assetcatalog; path = Assets.xcassets; sourceTree = "<group>"; };
		6A04C9BE22AA40F300DFA630 /* Base */ = {isa = PBXFileReference; lastKnownFileType = file.storyboard; name = Base; path = Base.lproj/LaunchScreen.storyboard; sourceTree = "<group>"; };
		6A04C9C022AA40F300DFA630 /* Info.plist */ = {isa = PBXFileReference; lastKnownFileType = text.plist.xml; path = Info.plist; sourceTree = "<group>"; };
		6A04C9C522AA40F300DFA630 /* WatchOS_4Tests.xctest */ = {isa = PBXFileReference; explicitFileType = wrapper.cfbundle; includeInIndex = 0; path = WatchOS_4Tests.xctest; sourceTree = BUILT_PRODUCTS_DIR; };
		6A04C9C922AA40F300DFA630 /* WatchOS_4Tests.swift */ = {isa = PBXFileReference; lastKnownFileType = sourcecode.swift; path = WatchOS_4Tests.swift; sourceTree = "<group>"; };
		6A04C9CB22AA40F300DFA630 /* Info.plist */ = {isa = PBXFileReference; lastKnownFileType = text.plist.xml; path = Info.plist; sourceTree = "<group>"; };
		6A04C9D022AA40F300DFA630 /* WatchOS_4UITests.xctest */ = {isa = PBXFileReference; explicitFileType = wrapper.cfbundle; includeInIndex = 0; path = WatchOS_4UITests.xctest; sourceTree = BUILT_PRODUCTS_DIR; };
		6A04C9D422AA40F300DFA630 /* WatchOS_4UITests.swift */ = {isa = PBXFileReference; lastKnownFileType = sourcecode.swift; path = WatchOS_4UITests.swift; sourceTree = "<group>"; };
		6A04C9D622AA40F300DFA630 /* Info.plist */ = {isa = PBXFileReference; lastKnownFileType = text.plist.xml; path = Info.plist; sourceTree = "<group>"; };
		6A04C9D922AA40F300DFA630 /* WatchOS_4 WatchKit App.app */ = {isa = PBXFileReference; explicitFileType = wrapper.application; includeInIndex = 0; path = "WatchOS_4 WatchKit App.app"; sourceTree = BUILT_PRODUCTS_DIR; };
		6A04C9DF22AA40F300DFA630 /* Base */ = {isa = PBXFileReference; lastKnownFileType = file.storyboard; name = Base; path = Base.lproj/Interface.storyboard; sourceTree = "<group>"; };
		6A04C9E122AA40F400DFA630 /* Assets.xcassets */ = {isa = PBXFileReference; lastKnownFileType = folder.assetcatalog; path = Assets.xcassets; sourceTree = "<group>"; };
		6A04C9E322AA40F400DFA630 /* Info.plist */ = {isa = PBXFileReference; lastKnownFileType = text.plist.xml; path = Info.plist; sourceTree = "<group>"; };
		6A04C9E822AA40F400DFA630 /* WatchOS_4 WatchKit Extension.appex */ = {isa = PBXFileReference; explicitFileType = "wrapper.app-extension"; includeInIndex = 0; path = "WatchOS_4 WatchKit Extension.appex"; sourceTree = BUILT_PRODUCTS_DIR; };
		6A04C9ED22AA40F400DFA630 /* InterfaceController.swift */ = {isa = PBXFileReference; lastKnownFileType = sourcecode.swift; path = InterfaceController.swift; sourceTree = "<group>"; };
		6A04C9EF22AA40F400DFA630 /* ExtensionDelegate.swift */ = {isa = PBXFileReference; lastKnownFileType = sourcecode.swift; path = ExtensionDelegate.swift; sourceTree = "<group>"; };
		6A04C9F122AA40F400DFA630 /* NotificationController.swift */ = {isa = PBXFileReference; lastKnownFileType = sourcecode.swift; path = NotificationController.swift; sourceTree = "<group>"; };
		6A04C9F322AA40F400DFA630 /* Assets.xcassets */ = {isa = PBXFileReference; lastKnownFileType = folder.assetcatalog; path = Assets.xcassets; sourceTree = "<group>"; };
		6A04C9F522AA40F400DFA630 /* Info.plist */ = {isa = PBXFileReference; lastKnownFileType = text.plist.xml; path = Info.plist; sourceTree = "<group>"; };
		6A04C9F622AA40F400DFA630 /* PushNotificationPayload.apns */ = {isa = PBXFileReference; lastKnownFileType = text; path = PushNotificationPayload.apns; sourceTree = "<group>"; };
/* End PBXFileReference section */

/* Begin PBXFrameworksBuildPhase section */
		6A04C9AE22AA40F200DFA630 /* Frameworks */ = {
			isa = PBXFrameworksBuildPhase;
			buildActionMask = 2147483647;
			files = (
			);
			runOnlyForDeploymentPostprocessing = 0;
		};
		6A04C9C222AA40F300DFA630 /* Frameworks */ = {
			isa = PBXFrameworksBuildPhase;
			buildActionMask = 2147483647;
			files = (
			);
			runOnlyForDeploymentPostprocessing = 0;
		};
		6A04C9CD22AA40F300DFA630 /* Frameworks */ = {
			isa = PBXFrameworksBuildPhase;
			buildActionMask = 2147483647;
			files = (
			);
			runOnlyForDeploymentPostprocessing = 0;
		};
		6A04C9E522AA40F400DFA630 /* Frameworks */ = {
			isa = PBXFrameworksBuildPhase;
			buildActionMask = 2147483647;
			files = (
			);
			runOnlyForDeploymentPostprocessing = 0;
		};
/* End PBXFrameworksBuildPhase section */

/* Begin PBXGroup section */
		6A04C9A822AA40F200DFA630 = {
			isa = PBXGroup;
			children = (
				6A04C9B322AA40F200DFA630 /* WatchOS_4 */,
				6A04C9C822AA40F300DFA630 /* WatchOS_4Tests */,
				6A04C9D322AA40F300DFA630 /* WatchOS_4UITests */,
				6A04C9DD22AA40F300DFA630 /* WatchOS_4 WatchKit App */,
				6A04C9EC22AA40F400DFA630 /* WatchOS_4 WatchKit Extension */,
				6A04C9B222AA40F200DFA630 /* Products */,
			);
			sourceTree = "<group>";
		};
		6A04C9B222AA40F200DFA630 /* Products */ = {
			isa = PBXGroup;
			children = (
				6A04C9B122AA40F200DFA630 /* WatchOS_4.app */,
				6A04C9C522AA40F300DFA630 /* WatchOS_4Tests.xctest */,
				6A04C9D022AA40F300DFA630 /* WatchOS_4UITests.xctest */,
				6A04C9D922AA40F300DFA630 /* WatchOS_4 WatchKit App.app */,
				6A04C9E822AA40F400DFA630 /* WatchOS_4 WatchKit Extension.appex */,
			);
			name = Products;
			sourceTree = "<group>";
		};
		6A04C9B322AA40F200DFA630 /* WatchOS_4 */ = {
			isa = PBXGroup;
			children = (
				6A04C9B422AA40F200DFA630 /* AppDelegate.swift */,
				6A04C9B622AA40F200DFA630 /* ViewController.swift */,
				6A04C9B822AA40F200DFA630 /* Main.storyboard */,
				6A04C9BB22AA40F300DFA630 /* Assets.xcassets */,
				6A04C9BD22AA40F300DFA630 /* LaunchScreen.storyboard */,
				6A04C9C022AA40F300DFA630 /* Info.plist */,
			);
			path = WatchOS_4;
			sourceTree = "<group>";
		};
		6A04C9C822AA40F300DFA630 /* WatchOS_4Tests */ = {
			isa = PBXGroup;
			children = (
				6A04C9C922AA40F300DFA630 /* WatchOS_4Tests.swift */,
				6A04C9CB22AA40F300DFA630 /* Info.plist */,
			);
			path = WatchOS_4Tests;
			sourceTree = "<group>";
		};
		6A04C9D322AA40F300DFA630 /* WatchOS_4UITests */ = {
			isa = PBXGroup;
			children = (
				6A04C9D422AA40F300DFA630 /* WatchOS_4UITests.swift */,
				6A04C9D622AA40F300DFA630 /* Info.plist */,
			);
			path = WatchOS_4UITests;
			sourceTree = "<group>";
		};
		6A04C9DD22AA40F300DFA630 /* WatchOS_4 WatchKit App */ = {
			isa = PBXGroup;
			children = (
				6A04C9DE22AA40F300DFA630 /* Interface.storyboard */,
				6A04C9E122AA40F400DFA630 /* Assets.xcassets */,
				6A04C9E322AA40F400DFA630 /* Info.plist */,
			);
			path = "WatchOS_4 WatchKit App";
			sourceTree = "<group>";
		};
		6A04C9EC22AA40F400DFA630 /* WatchOS_4 WatchKit Extension */ = {
			isa = PBXGroup;
			children = (
				6A04C9ED22AA40F400DFA630 /* InterfaceController.swift */,
				6A04C9EF22AA40F400DFA630 /* ExtensionDelegate.swift */,
				6A04C9F122AA40F400DFA630 /* NotificationController.swift */,
				6A04C9F322AA40F400DFA630 /* Assets.xcassets */,
				6A04C9F522AA40F400DFA630 /* Info.plist */,
				6A04C9F622AA40F400DFA630 /* PushNotificationPayload.apns */,
			);
			path = "WatchOS_4 WatchKit Extension";
			sourceTree = "<group>";
		};
/* End PBXGroup section */

/* Begin PBXNativeTarget section */
		6A04C9B022AA40F200DFA630 /* WatchOS_4 */ = {
			isa = PBXNativeTarget;
			buildConfigurationList = 6A04CA0122AA40F400DFA630 /* Build configuration list for PBXNativeTarget "WatchOS_4" */;
			buildPhases = (
				6A04C9AD22AA40F200DFA630 /* Sources */,
				6A04C9AE22AA40F200DFA630 /* Frameworks */,
				6A04C9AF22AA40F200DFA630 /* Resources */,
				6A04CA0022AA40F400DFA630 /* Embed Watch Content */,
			);
			buildRules = (
			);
			dependencies = (
				6A04C9DC22AA40F300DFA630 /* PBXTargetDependency */,
			);
			name = WatchOS_4;
			productName = WatchOS_4;
			productReference = 6A04C9B122AA40F200DFA630 /* WatchOS_4.app */;
			productType = "com.apple.product-type.application";
		};
		6A04C9C422AA40F300DFA630 /* WatchOS_4Tests */ = {
			isa = PBXNativeTarget;
			buildConfigurationList = 6A04CA0422AA40F400DFA630 /* Build configuration list for PBXNativeTarget "WatchOS_4Tests" */;
			buildPhases = (
				6A04C9C122AA40F300DFA630 /* Sources */,
				6A04C9C222AA40F300DFA630 /* Frameworks */,
				6A04C9C322AA40F300DFA630 /* Resources */,
			);
			buildRules = (
			);
			dependencies = (
				6A04C9C722AA40F300DFA630 /* PBXTargetDependency */,
			);
			name = WatchOS_4Tests;
			productName = WatchOS_4Tests;
			productReference = 6A04C9C522AA40F300DFA630 /* WatchOS_4Tests.xctest */;
			productType = "com.apple.product-type.bundle.unit-test";
		};
		6A04C9CF22AA40F300DFA630 /* WatchOS_4UITests */ = {
			isa = PBXNativeTarget;
			buildConfigurationList = 6A04CA0722AA40F400DFA630 /* Build configuration list for PBXNativeTarget "WatchOS_4UITests" */;
			buildPhases = (
				6A04C9CC22AA40F300DFA630 /* Sources */,
				6A04C9CD22AA40F300DFA630 /* Frameworks */,
				6A04C9CE22AA40F300DFA630 /* Resources */,
			);
			buildRules = (
			);
			dependencies = (
				6A04C9D222AA40F300DFA630 /* PBXTargetDependency */,
			);
			name = WatchOS_4UITests;
			productName = WatchOS_4UITests;
			productReference = 6A04C9D022AA40F300DFA630 /* WatchOS_4UITests.xctest */;
			productType = "com.apple.product-type.bundle.ui-testing";
		};
		6A04C9D822AA40F300DFA630 /* WatchOS_4 WatchKit App */ = {
			isa = PBXNativeTarget;
			buildConfigurationList = 6A04C9FD22AA40F400DFA630 /* Build configuration list for PBXNativeTarget "WatchOS_4 WatchKit App" */;
			buildPhases = (
				6A04C9D722AA40F300DFA630 /* Resources */,
				6A04C9FC22AA40F400DFA630 /* Embed App Extensions */,
			);
			buildRules = (
			);
			dependencies = (
				6A04C9EB22AA40F400DFA630 /* PBXTargetDependency */,
			);
			name = "WatchOS_4 WatchKit App";
			productName = "WatchOS_4 WatchKit App";
			productReference = 6A04C9D922AA40F300DFA630 /* WatchOS_4 WatchKit App.app */;
			productType = "com.apple.product-type.application.watchapp2";
		};
		6A04C9E722AA40F400DFA630 /* WatchOS_4 WatchKit Extension */ = {
			isa = PBXNativeTarget;
			buildConfigurationList = 6A04C9F922AA40F400DFA630 /* Build configuration list for PBXNativeTarget "WatchOS_4 WatchKit Extension" */;
			buildPhases = (
				6A04C9E422AA40F400DFA630 /* Sources */,
				6A04C9E522AA40F400DFA630 /* Frameworks */,
				6A04C9E622AA40F400DFA630 /* Resources */,
			);
			buildRules = (
			);
			dependencies = (
			);
			name = "WatchOS_4 WatchKit Extension";
			productName = "WatchOS_4 WatchKit Extension";
			productReference = 6A04C9E822AA40F400DFA630 /* WatchOS_4 WatchKit Extension.appex */;
			productType = "com.apple.product-type.watchkit2-extension";
		};
/* End PBXNativeTarget section */

/* Begin PBXProject section */
		6A04C9A922AA40F200DFA630 /* Project object */ = {
			isa = PBXProject;
			attributes = {
				LastSwiftUpdateCheck = 1020;
				LastUpgradeCheck = 1020;
				ORGANIZATIONNAME = ll;
				TargetAttributes = {
					6A04C9B022AA40F200DFA630 = {
						CreatedOnToolsVersion = 10.2.1;
					};
					6A04C9C422AA40F300DFA630 = {
						CreatedOnToolsVersion = 10.2.1;
						TestTargetID = 6A04C9B022AA40F200DFA630;
					};
					6A04C9CF22AA40F300DFA630 = {
						CreatedOnToolsVersion = 10.2.1;
						TestTargetID = 6A04C9B022AA40F200DFA630;
					};
					6A04C9D822AA40F300DFA630 = {
						CreatedOnToolsVersion = 10.2.1;
					};
					6A04C9E722AA40F400DFA630 = {
						CreatedOnToolsVersion = 10.2.1;
					};
				};
			};
			buildConfigurationList = 6A04C9AC22AA40F200DFA630 /* Build configuration list for PBXProject "WatchOS_4" */;
			compatibilityVersion = "Xcode 9.3";
			developmentRegion = en;
			hasScannedForEncodings = 0;
			knownRegions = (
				en,
				Base,
			);
			mainGroup = 6A04C9A822AA40F200DFA630;
			productRefGroup = 6A04C9B222AA40F200DFA630 /* Products */;
			projectDirPath = "";
			projectRoot = "";
			targets = (
				6A04C9B022AA40F200DFA630 /* WatchOS_4 */,
				6A04C9C422AA40F300DFA630 /* WatchOS_4Tests */,
				6A04C9CF22AA40F300DFA630 /* WatchOS_4UITests */,
				6A04C9D822AA40F300DFA630 /* WatchOS_4 WatchKit App */,
				6A04C9E722AA40F400DFA630 /* WatchOS_4 WatchKit Extension */,
			);
		};
/* End PBXProject section */

/* Begin PBXResourcesBuildPhase section */
		6A04C9AF22AA40F200DFA630 /* Resources */ = {
			isa = PBXResourcesBuildPhase;
			buildActionMask = 2147483647;
			files = (
				6A04C9BF22AA40F300DFA630 /* LaunchScreen.storyboard in Resources */,
				6A04C9BC22AA40F300DFA630 /* Assets.xcassets in Resources */,
				6A04C9BA22AA40F200DFA630 /* Main.storyboard in Resources */,
			);
			runOnlyForDeploymentPostprocessing = 0;
		};
		6A04C9C322AA40F300DFA630 /* Resources */ = {
			isa = PBXResourcesBuildPhase;
			buildActionMask = 2147483647;
			files = (
			);
			runOnlyForDeploymentPostprocessing = 0;
		};
		6A04C9CE22AA40F300DFA630 /* Resources */ = {
			isa = PBXResourcesBuildPhase;
			buildActionMask = 2147483647;
			files = (
			);
			runOnlyForDeploymentPostprocessing = 0;
		};
		6A04C9D722AA40F300DFA630 /* Resources */ = {
			isa = PBXResourcesBuildPhase;
			buildActionMask = 2147483647;
			files = (
				6A04C9E222AA40F400DFA630 /* Assets.xcassets in Resources */,
				6A04C9E022AA40F300DFA630 /* Interface.storyboard in Resources */,
			);
			runOnlyForDeploymentPostprocessing = 0;
		};
		6A04C9E622AA40F400DFA630 /* Resources */ = {
			isa = PBXResourcesBuildPhase;
			buildActionMask = 2147483647;
			files = (
				6A04C9F422AA40F400DFA630 /* Assets.xcassets in Resources */,
			);
			runOnlyForDeploymentPostprocessing = 0;
		};
/* End PBXResourcesBuildPhase section */

/* Begin PBXSourcesBuildPhase section */
		6A04C9AD22AA40F200DFA630 /* Sources */ = {
			isa = PBXSourcesBuildPhase;
			buildActionMask = 2147483647;
			files = (
				6A04C9B722AA40F200DFA630 /* ViewController.swift in Sources */,
				6A04C9B522AA40F200DFA630 /* AppDelegate.swift in Sources */,
			);
			runOnlyForDeploymentPostprocessing = 0;
		};
		6A04C9C122AA40F300DFA630 /* Sources */ = {
			isa = PBXSourcesBuildPhase;
			buildActionMask = 2147483647;
			files = (
				6A04C9CA22AA40F300DFA630 /* WatchOS_4Tests.swift in Sources */,
			);
			runOnlyForDeploymentPostprocessing = 0;
		};
		6A04C9CC22AA40F300DFA630 /* Sources */ = {
			isa = PBXSourcesBuildPhase;
			buildActionMask = 2147483647;
			files = (
				6A04C9D522AA40F300DFA630 /* WatchOS_4UITests.swift in Sources */,
			);
			runOnlyForDeploymentPostprocessing = 0;
		};
		6A04C9E422AA40F400DFA630 /* Sources */ = {
			isa = PBXSourcesBuildPhase;
			buildActionMask = 2147483647;
			files = (
				6A04C9F222AA40F400DFA630 /* NotificationController.swift in Sources */,
				6A04C9F022AA40F400DFA630 /* ExtensionDelegate.swift in Sources */,
				6A04C9EE22AA40F400DFA630 /* InterfaceController.swift in Sources */,
			);
			runOnlyForDeploymentPostprocessing = 0;
		};
/* End PBXSourcesBuildPhase section */

/* Begin PBXTargetDependency section */
		6A04C9C722AA40F300DFA630 /* PBXTargetDependency */ = {
			isa = PBXTargetDependency;
			target = 6A04C9B022AA40F200DFA630 /* WatchOS_4 */;
			targetProxy = 6A04C9C622AA40F300DFA630 /* PBXContainerItemProxy */;
		};
		6A04C9D222AA40F300DFA630 /* PBXTargetDependency */ = {
			isa = PBXTargetDependency;
			target = 6A04C9B022AA40F200DFA630 /* WatchOS_4 */;
			targetProxy = 6A04C9D122AA40F300DFA630 /* PBXContainerItemProxy */;
		};
		6A04C9DC22AA40F300DFA630 /* PBXTargetDependency */ = {
			isa = PBXTargetDependency;
			target = 6A04C9D822AA40F300DFA630 /* WatchOS_4 WatchKit App */;
			targetProxy = 6A04C9DB22AA40F300DFA630 /* PBXContainerItemProxy */;
		};
		6A04C9EB22AA40F400DFA630 /* PBXTargetDependency */ = {
			isa = PBXTargetDependency;
			target = 6A04C9E722AA40F400DFA630 /* WatchOS_4 WatchKit Extension */;
			targetProxy = 6A04C9EA22AA40F400DFA630 /* PBXContainerItemProxy */;
		};
/* End PBXTargetDependency section */

/* Begin PBXVariantGroup section */
		6A04C9B822AA40F200DFA630 /* Main.storyboard */ = {
			isa = PBXVariantGroup;
			children = (
				6A04C9B922AA40F200DFA630 /* Base */,
			);
			name = Main.storyboard;
			sourceTree = "<group>";
		};
		6A04C9BD22AA40F300DFA630 /* LaunchScreen.storyboard */ = {
			isa = PBXVariantGroup;
			children = (
				6A04C9BE22AA40F300DFA630 /* Base */,
			);
			name = LaunchScreen.storyboard;
			sourceTree = "<group>";
		};
		6A04C9DE22AA40F300DFA630 /* Interface.storyboard */ = {
			isa = PBXVariantGroup;
			children = (
				6A04C9DF22AA40F300DFA630 /* Base */,
			);
			name = Interface.storyboard;
			sourceTree = "<group>";
		};
/* End PBXVariantGroup section */

/* Begin XCBuildConfiguration section */
		6A04C9F722AA40F400DFA630 /* Debug */ = {
			isa = XCBuildConfiguration;
			buildSettings = {
				ALWAYS_SEARCH_USER_PATHS = NO;
				CLANG_ANALYZER_NONNULL = YES;
				CLANG_ANALYZER_NUMBER_OBJECT_CONVERSION = YES_AGGRESSIVE;
				CLANG_CXX_LANGUAGE_STANDARD = "gnu++14";
				CLANG_CXX_LIBRARY = "libc++";
				CLANG_ENABLE_MODULES = YES;
				CLANG_ENABLE_OBJC_ARC = YES;
				CLANG_ENABLE_OBJC_WEAK = YES;
				CLANG_WARN_BLOCK_CAPTURE_AUTORELEASING = YES;
				CLANG_WARN_BOOL_CONVERSION = YES;
				CLANG_WARN_COMMA = YES;
				CLANG_WARN_CONSTANT_CONVERSION = YES;
				CLANG_WARN_DEPRECATED_OBJC_IMPLEMENTATIONS = YES;
				CLANG_WARN_DIRECT_OBJC_ISA_USAGE = YES_ERROR;
				CLANG_WARN_DOCUMENTATION_COMMENTS = YES;
				CLANG_WARN_EMPTY_BODY = YES;
				CLANG_WARN_ENUM_CONVERSION = YES;
				CLANG_WARN_INFINITE_RECURSION = YES;
				CLANG_WARN_INT_CONVERSION = YES;
				CLANG_WARN_NON_LITERAL_NULL_CONVERSION = YES;
				CLANG_WARN_OBJC_IMPLICIT_RETAIN_SELF = YES;
				CLANG_WARN_OBJC_LITERAL_CONVERSION = YES;
				CLANG_WARN_OBJC_ROOT_CLASS = YES_ERROR;
				CLANG_WARN_RANGE_LOOP_ANALYSIS = YES;
				CLANG_WARN_STRICT_PROTOTYPES = YES;
				CLANG_WARN_SUSPICIOUS_MOVE = YES;
				CLANG_WARN_UNGUARDED_AVAILABILITY = YES_AGGRESSIVE;
				CLANG_WARN_UNREACHABLE_CODE = YES;
				CLANG_WARN__DUPLICATE_METHOD_MATCH = YES;
				CODE_SIGN_IDENTITY = "iPhone Developer";
				COPY_PHASE_STRIP = NO;
				DEBUG_INFORMATION_FORMAT = dwarf;
				ENABLE_STRICT_OBJC_MSGSEND = YES;
				ENABLE_TESTABILITY = YES;
				GCC_C_LANGUAGE_STANDARD = gnu11;
				GCC_DYNAMIC_NO_PIC = NO;
				GCC_NO_COMMON_BLOCKS = YES;
				GCC_OPTIMIZATION_LEVEL = 0;
				GCC_PREPROCESSOR_DEFINITIONS = (
					"DEBUG=1",
					"$(inherited)",
				);
				GCC_WARN_64_TO_32_BIT_CONVERSION = YES;
				GCC_WARN_ABOUT_RETURN_TYPE = YES_ERROR;
				GCC_WARN_UNDECLARED_SELECTOR = YES;
				GCC_WARN_UNINITIALIZED_AUTOS = YES_AGGRESSIVE;
				GCC_WARN_UNUSED_FUNCTION = YES;
				GCC_WARN_UNUSED_VARIABLE = YES;
				IPHONEOS_DEPLOYMENT_TARGET = 12.2;
				MTL_ENABLE_DEBUG_INFO = INCLUDE_SOURCE;
				MTL_FAST_MATH = YES;
				ONLY_ACTIVE_ARCH = YES;
				SDKROOT = iphoneos;
				SWIFT_ACTIVE_COMPILATION_CONDITIONS = DEBUG;
				SWIFT_OPTIMIZATION_LEVEL = "-Onone";
			};
			name = Debug;
		};
		6A04C9F822AA40F400DFA630 /* Release */ = {
			isa = XCBuildConfiguration;
			buildSettings = {
				ALWAYS_SEARCH_USER_PATHS = NO;
				CLANG_ANALYZER_NONNULL = YES;
				CLANG_ANALYZER_NUMBER_OBJECT_CONVERSION = YES_AGGRESSIVE;
				CLANG_CXX_LANGUAGE_STANDARD = "gnu++14";
				CLANG_CXX_LIBRARY = "libc++";
				CLANG_ENABLE_MODULES = YES;
				CLANG_ENABLE_OBJC_ARC = YES;
				CLANG_ENABLE_OBJC_WEAK = YES;
				CLANG_WARN_BLOCK_CAPTURE_AUTORELEASING = YES;
				CLANG_WARN_BOOL_CONVERSION = YES;
				CLANG_WARN_COMMA = YES;
				CLANG_WARN_CONSTANT_CONVERSION = YES;
				CLANG_WARN_DEPRECATED_OBJC_IMPLEMENTATIONS = YES;
				CLANG_WARN_DIRECT_OBJC_ISA_USAGE = YES_ERROR;
				CLANG_WARN_DOCUMENTATION_COMMENTS = YES;
				CLANG_WARN_EMPTY_BODY = YES;
				CLANG_WARN_ENUM_CONVERSION = YES;
				CLANG_WARN_INFINITE_RECURSION = YES;
				CLANG_WARN_INT_CONVERSION = YES;
				CLANG_WARN_NON_LITERAL_NULL_CONVERSION = YES;
				CLANG_WARN_OBJC_IMPLICIT_RETAIN_SELF = YES;
				CLANG_WARN_OBJC_LITERAL_CONVERSION = YES;
				CLANG_WARN_OBJC_ROOT_CLASS = YES_ERROR;
				CLANG_WARN_RANGE_LOOP_ANALYSIS = YES;
				CLANG_WARN_STRICT_PROTOTYPES = YES;
				CLANG_WARN_SUSPICIOUS_MOVE = YES;
				CLANG_WARN_UNGUARDED_AVAILABILITY = YES_AGGRESSIVE;
				CLANG_WARN_UNREACHABLE_CODE = YES;
				CLANG_WARN__DUPLICATE_METHOD_MATCH = YES;
				CODE_SIGN_IDENTITY = "iPhone Developer";
				COPY_PHASE_STRIP = NO;
				DEBUG_INFORMATION_FORMAT = "dwarf-with-dsym";
				ENABLE_NS_ASSERTIONS = NO;
				ENABLE_STRICT_OBJC_MSGSEND = YES;
				GCC_C_LANGUAGE_STANDARD = gnu11;
				GCC_NO_COMMON_BLOCKS = YES;
				GCC_WARN_64_TO_32_BIT_CONVERSION = YES;
				GCC_WARN_ABOUT_RETURN_TYPE = YES_ERROR;
				GCC_WARN_UNDECLARED_SELECTOR = YES;
				GCC_WARN_UNINITIALIZED_AUTOS = YES_AGGRESSIVE;
				GCC_WARN_UNUSED_FUNCTION = YES;
				GCC_WARN_UNUSED_VARIABLE = YES;
				IPHONEOS_DEPLOYMENT_TARGET = 12.2;
				MTL_ENABLE_DEBUG_INFO = NO;
				MTL_FAST_MATH = YES;
				SDKROOT = iphoneos;
				SWIFT_COMPILATION_MODE = wholemodule;
				SWIFT_OPTIMIZATION_LEVEL = "-O";
				VALIDATE_PRODUCT = YES;
			};
			name = Release;
		};
		6A04C9FA22AA40F400DFA630 /* Debug */ = {
			isa = XCBuildConfiguration;
			buildSettings = {
				ASSETCATALOG_COMPILER_COMPLICATION_NAME = Complication;
				CODE_SIGN_STYLE = Automatic;
				INFOPLIST_FILE = "WatchOS_4 WatchKit Extension/Info.plist";
				LD_RUNPATH_SEARCH_PATHS = (
					"$(inherited)",
					"@executable_path/Frameworks",
					"@executable_path/../../Frameworks",
				);
				PRODUCT_BUNDLE_IDENTIFIER = "DDDD.WatchOS-4.watchkitapp.watchkitextension";
				PRODUCT_NAME = "${TARGET_NAME}";
				SDKROOT = watchos;
				SKIP_INSTALL = YES;
				SWIFT_VERSION = 5.0;
				TARGETED_DEVICE_FAMILY = 4;
				WATCHOS_DEPLOYMENT_TARGET = 5.2;
			};
			name = Debug;
		};
		6A04C9FB22AA40F400DFA630 /* Release */ = {
			isa = XCBuildConfiguration;
			buildSettings = {
				ASSETCATALOG_COMPILER_COMPLICATION_NAME = Complication;
				CODE_SIGN_STYLE = Automatic;
				INFOPLIST_FILE = "WatchOS_4 WatchKit Extension/Info.plist";
				LD_RUNPATH_SEARCH_PATHS = (
					"$(inherited)",
					"@executable_path/Frameworks",
					"@executable_path/../../Frameworks",
				);
				PRODUCT_BUNDLE_IDENTIFIER = "DDDD.WatchOS-4.watchkitapp.watchkitextension";
				PRODUCT_NAME = "${TARGET_NAME}";
				SDKROOT = watchos;
				SKIP_INSTALL = YES;
				SWIFT_VERSION = 5.0;
				TARGETED_DEVICE_FAMILY = 4;
				WATCHOS_DEPLOYMENT_TARGET = 5.2;
			};
			name = Release;
		};
		6A04C9FE22AA40F400DFA630 /* Debug */ = {
			isa = XCBuildConfiguration;
			buildSettings = {
				ALWAYS_EMBED_SWIFT_STANDARD_LIBRARIES = YES;
				ASSETCATALOG_COMPILER_APPICON_NAME = AppIcon;
				CODE_SIGN_STYLE = Automatic;
				IBSC_MODULE = WatchOS_4_WatchKit_Extension;
				INFOPLIST_FILE = "WatchOS_4 WatchKit App/Info.plist";
				PRODUCT_BUNDLE_IDENTIFIER = "DDDD.WatchOS-4.watchkitapp";
				PRODUCT_NAME = "$(TARGET_NAME)";
				SDKROOT = watchos;
				SKIP_INSTALL = YES;
				SWIFT_VERSION = 5.0;
				TARGETED_DEVICE_FAMILY = 4;
				WATCHOS_DEPLOYMENT_TARGET = 5.2;
			};
			name = Debug;
		};
		6A04C9FF22AA40F400DFA630 /* Release */ = {
			isa = XCBuildConfiguration;
			buildSettings = {
				ALWAYS_EMBED_SWIFT_STANDARD_LIBRARIES = YES;
				ASSETCATALOG_COMPILER_APPICON_NAME = AppIcon;
				CODE_SIGN_STYLE = Automatic;
				IBSC_MODULE = WatchOS_4_WatchKit_Extension;
				INFOPLIST_FILE = "WatchOS_4 WatchKit App/Info.plist";
				PRODUCT_BUNDLE_IDENTIFIER = "DDDD.WatchOS-4.watchkitapp";
				PRODUCT_NAME = "$(TARGET_NAME)";
				SDKROOT = watchos;
				SKIP_INSTALL = YES;
				SWIFT_VERSION = 5.0;
				TARGETED_DEVICE_FAMILY = 4;
				WATCHOS_DEPLOYMENT_TARGET = 5.2;
			};
			name = Release;
		};
		6A04CA0222AA40F400DFA630 /* Debug */ = {
			isa = XCBuildConfiguration;
			buildSettings = {
				ASSETCATALOG_COMPILER_APPICON_NAME = AppIcon;
				CODE_SIGN_STYLE = Automatic;
				INFOPLIST_FILE = WatchOS_4/Info.plist;
				LD_RUNPATH_SEARCH_PATHS = (
					"$(inherited)",
					"@executable_path/Frameworks",
				);
				PRODUCT_BUNDLE_IDENTIFIER = "DDDD.WatchOS-4";
				PRODUCT_NAME = "$(TARGET_NAME)";
				SWIFT_VERSION = 5.0;
				TARGETED_DEVICE_FAMILY = "1,2";
			};
			name = Debug;
		};
		6A04CA0322AA40F400DFA630 /* Release */ = {
			isa = XCBuildConfiguration;
			buildSettings = {
				ASSETCATALOG_COMPILER_APPICON_NAME = AppIcon;
				CODE_SIGN_STYLE = Automatic;
				INFOPLIST_FILE = WatchOS_4/Info.plist;
				LD_RUNPATH_SEARCH_PATHS = (
					"$(inherited)",
					"@executable_path/Frameworks",
				);
				PRODUCT_BUNDLE_IDENTIFIER = "DDDD.WatchOS-4";
				PRODUCT_NAME = "$(TARGET_NAME)";
				SWIFT_VERSION = 5.0;
				TARGETED_DEVICE_FAMILY = "1,2";
			};
			name = Release;
		};
		6A04CA0522AA40F400DFA630 /* Debug */ = {
			isa = XCBuildConfiguration;
			buildSettings = {
				ALWAYS_EMBED_SWIFT_STANDARD_LIBRARIES = YES;
				BUNDLE_LOADER = "$(TEST_HOST)";
				CODE_SIGN_STYLE = Automatic;
				INFOPLIST_FILE = WatchOS_4Tests/Info.plist;
				LD_RUNPATH_SEARCH_PATHS = (
					"$(inherited)",
					"@executable_path/Frameworks",
					"@loader_path/Frameworks",
				);
				PRODUCT_BUNDLE_IDENTIFIER = "DDDD.WatchOS-4Tests";
				PRODUCT_NAME = "$(TARGET_NAME)";
				SWIFT_VERSION = 5.0;
				TARGETED_DEVICE_FAMILY = "1,2";
				TEST_HOST = "$(BUILT_PRODUCTS_DIR)/WatchOS_4.app/WatchOS_4";
			};
			name = Debug;
		};
		6A04CA0622AA40F400DFA630 /* Release */ = {
			isa = XCBuildConfiguration;
			buildSettings = {
				ALWAYS_EMBED_SWIFT_STANDARD_LIBRARIES = YES;
				BUNDLE_LOADER = "$(TEST_HOST)";
				CODE_SIGN_STYLE = Automatic;
				INFOPLIST_FILE = WatchOS_4Tests/Info.plist;
				LD_RUNPATH_SEARCH_PATHS = (
					"$(inherited)",
					"@executable_path/Frameworks",
					"@loader_path/Frameworks",
				);
				PRODUCT_BUNDLE_IDENTIFIER = "DDDD.WatchOS-4Tests";
				PRODUCT_NAME = "$(TARGET_NAME)";
				SWIFT_VERSION = 5.0;
				TARGETED_DEVICE_FAMILY = "1,2";
				TEST_HOST = "$(BUILT_PRODUCTS_DIR)/WatchOS_4.app/WatchOS_4";
			};
			name = Release;
		};
		6A04CA0822AA40F400DFA630 /* Debug */ = {
			isa = XCBuildConfiguration;
			buildSettings = {
				ALWAYS_EMBED_SWIFT_STANDARD_LIBRARIES = YES;
				CODE_SIGN_STYLE = Automatic;
				INFOPLIST_FILE = WatchOS_4UITests/Info.plist;
				LD_RUNPATH_SEARCH_PATHS = (
					"$(inherited)",
					"@executable_path/Frameworks",
					"@loader_path/Frameworks",
				);
				PRODUCT_BUNDLE_IDENTIFIER = "DDDD.WatchOS-4UITests";
				PRODUCT_NAME = "$(TARGET_NAME)";
				SWIFT_VERSION = 5.0;
				TARGETED_DEVICE_FAMILY = "1,2";
				TEST_TARGET_NAME = WatchOS_4;
			};
			name = Debug;
		};
		6A04CA0922AA40F400DFA630 /* Release */ = {
			isa = XCBuildConfiguration;
			buildSettings = {
				ALWAYS_EMBED_SWIFT_STANDARD_LIBRARIES = YES;
				CODE_SIGN_STYLE = Automatic;
				INFOPLIST_FILE = WatchOS_4UITests/Info.plist;
				LD_RUNPATH_SEARCH_PATHS = (
					"$(inherited)",
					"@executable_path/Frameworks",
					"@loader_path/Frameworks",
				);
				PRODUCT_BUNDLE_IDENTIFIER = "DDDD.WatchOS-4UITests";
				PRODUCT_NAME = "$(TARGET_NAME)";
				SWIFT_VERSION = 5.0;
				TARGETED_DEVICE_FAMILY = "1,2";
				TEST_TARGET_NAME = WatchOS_4;
			};
			name = Release;
		};
/* End XCBuildConfiguration section */

/* Begin XCConfigurationList section */
		6A04C9AC22AA40F200DFA630 /* Build configuration list for PBXProject "WatchOS_4" */ = {
			isa = XCConfigurationList;
			buildConfigurations = (
				6A04C9F722AA40F400DFA630 /* Debug */,
				6A04C9F822AA40F400DFA630 /* Release */,
			);
			defaultConfigurationIsVisible = 0;
			defaultConfigurationName = Release;
		};
		6A04C9F922AA40F400DFA630 /* Build configuration list for PBXNativeTarget "WatchOS_4 WatchKit Extension" */ = {
			isa = XCConfigurationList;
			buildConfigurations = (
				6A04C9FA22AA40F400DFA630 /* Debug */,
				6A04C9FB22AA40F400DFA630 /* Release */,
			);
			defaultConfigurationIsVisible = 0;
			defaultConfigurationName = Release;
		};
		6A04C9FD22AA40F400DFA630 /* Build configuration list for PBXNativeTarget "WatchOS_4 WatchKit App" */ = {
			isa = XCConfigurationList;
			buildConfigurations = (
				6A04C9FE22AA40F400DFA630 /* Debug */,
				6A04C9FF22AA40F400DFA630 /* Release */,
			);
			defaultConfigurationIsVisible = 0;
			defaultConfigurationName = Release;
		};
		6A04CA0122AA40F400DFA630 /* Build configuration list for PBXNativeTarget "WatchOS_4" */ = {
			isa = XCConfigurationList;
			buildConfigurations = (
				6A04CA0222AA40F400DFA630 /* Debug */,
				6A04CA0322AA40F400DFA630 /* Release */,
			);
			defaultConfigurationIsVisible = 0;
			defaultConfigurationName = Release;
		};
		6A04CA0422AA40F400DFA630 /* Build configuration list for PBXNativeTarget "WatchOS_4Tests" */ = {
			isa = XCConfigurationList;
			buildConfigurations = (
				6A04CA0522AA40F400DFA630 /* Debug */,
				6A04CA0622AA40F400DFA630 /* Release */,
			);
			defaultConfigurationIsVisible = 0;
			defaultConfigurationName = Release;
		};
		6A04CA0722AA40F400DFA630 /* Build configuration list for PBXNativeTarget "WatchOS_4UITests" */ = {
			isa = XCConfigurationList;
			buildConfigurations = (
				6A04CA0822AA40F400DFA630 /* Debug */,
				6A04CA0922AA40F400DFA630 /* Release */,
			);
			defaultConfigurationIsVisible = 0;
			defaultConfigurationName = Release;
		};
/* End XCConfigurationList section */
	};
	rootObject = 6A04C9A922AA40F200DFA630 /* Project object */;
}
